// !$*UTF8*$!
{
	archiveVersion = 1;
	classes = {
	};
	objectVersion = 56;
	objects = {

/* Begin PBXBuildFile section */
		1231DBBA2A5BE34B00473CA0 /* Extension+CGFloat.swift in Sources */ = {isa = PBXBuildFile; fileRef = 1231DBB92A5BE34B00473CA0 /* Extension+CGFloat.swift */; };
		681557E42A77EE3300625801 /* CreateCardView.swift in Sources */ = {isa = PBXBuildFile; fileRef = 681557E32A77EE3300625801 /* CreateCardView.swift */; };
		681557E62A77F03800625801 /* EnterInfo1View.swift in Sources */ = {isa = PBXBuildFile; fileRef = 681557E52A77F03800625801 /* EnterInfo1View.swift */; };
		681557E82A77FA5B00625801 /* EnterInfo2View.swift in Sources */ = {isa = PBXBuildFile; fileRef = 681557E72A77FA5B00625801 /* EnterInfo2View.swift */; };
		681557EA2A77FC1700625801 /* SNSEnterView.swift in Sources */ = {isa = PBXBuildFile; fileRef = 681557E92A77FC1700625801 /* SNSEnterView.swift */; };
		681557EC2A78041D00625801 /* EnterDesignView.swift in Sources */ = {isa = PBXBuildFile; fileRef = 681557EB2A78041D00625801 /* EnterDesignView.swift */; };
		681557F02A78700500625801 /* CustomCarouselView.swift in Sources */ = {isa = PBXBuildFile; fileRef = 681557EF2A78700500625801 /* CustomCarouselView.swift */; };
		682109A42A78E4D2002CABE7 /* TapCollectionShape.swift in Sources */ = {isa = PBXBuildFile; fileRef = 682109A32A78E4D2002CABE7 /* TapCollectionShape.swift */; };
		682109A62A78FE78002CABE7 /* CarouselDesignView.swift in Sources */ = {isa = PBXBuildFile; fileRef = 682109A52A78FE78002CABE7 /* CarouselDesignView.swift */; };
		682109A82A792111002CABE7 /* CardDesignView.swift in Sources */ = {isa = PBXBuildFile; fileRef = 682109A72A792111002CABE7 /* CardDesignView.swift */; };
		682C62C72A59AB7900137393 /* Profile+ProfileCardModel.swift in Sources */ = {isa = PBXBuildFile; fileRef = 682C62C62A59AB7900137393 /* Profile+ProfileCardModel.swift */; };
		68D92B152A765F7900121985 /* MainTabView.swift in Sources */ = {isa = PBXBuildFile; fileRef = 68D92B142A765F7900121985 /* MainTabView.swift */; };
		68D92B192A766C6600121985 /* TapClipperShape.swift in Sources */ = {isa = PBXBuildFile; fileRef = 68D92B182A766C6600121985 /* TapClipperShape.swift */; };
		68D92B1B2A766CB800121985 /* Tab.swift in Sources */ = {isa = PBXBuildFile; fileRef = 68D92B1A2A766CB800121985 /* Tab.swift */; };
		970AFC7A2A723ACE0041A948 /* CardDetailCollectedView.swift in Sources */ = {isa = PBXBuildFile; fileRef = 970AFC792A723ACE0041A948 /* CardDetailCollectedView.swift */; };
		970AFC7F2A723B730041A948 /* CollectedCardsView.swift in Sources */ = {isa = PBXBuildFile; fileRef = 970AFC7E2A723B730041A948 /* CollectedCardsView.swift */; };
		970AFC812A723B960041A948 /* Extension+CollectionView.swift in Sources */ = {isa = PBXBuildFile; fileRef = 970AFC802A723B960041A948 /* Extension+CollectionView.swift */; };
		970AFC842A723D240041A948 /* CardDetailViewModel.swift in Sources */ = {isa = PBXBuildFile; fileRef = 970AFC832A723D240041A948 /* CardDetailViewModel.swift */; };
		970AFC922A723E420041A948 /* MenuView.swift in Sources */ = {isa = PBXBuildFile; fileRef = 970AFC912A723E420041A948 /* MenuView.swift */; };
		97C5EBED2A723A9D0005441A /* CardDetailView.swift in Sources */ = {isa = PBXBuildFile; fileRef = 97C5EBEC2A723A9D0005441A /* CardDetailView.swift */; };
		97C5EBEF2A723AB00005441A /* CardDetailMyView.swift in Sources */ = {isa = PBXBuildFile; fileRef = 97C5EBEE2A723AB00005441A /* CardDetailMyView.swift */; };
		97CA10AB2A7238E9006C6422 /* MyCards.swift in Sources */ = {isa = PBXBuildFile; fileRef = 97CA10AA2A7238E9006C6422 /* MyCards.swift */; };
		97CA10AD2A723949006C6422 /* CardStore.swift in Sources */ = {isa = PBXBuildFile; fileRef = 97CA10AC2A723949006C6422 /* CardStore.swift */; };
		97CC87952A7912F30094075D /* CardViewModel.swift in Sources */ = {isa = PBXBuildFile; fileRef = 97CC87942A7912F30094075D /* CardViewModel.swift */; };
		9BA1A2232A5B9123003B7556 /* Extension+View.swift in Sources */ = {isa = PBXBuildFile; fileRef = 9BA1A2222A5B9123003B7556 /* Extension+View.swift */; };
		B00125772A677B2E00439760 /* ExchangeView.swift in Sources */ = {isa = PBXBuildFile; fileRef = B00125762A677B2E00439760 /* ExchangeView.swift */; };
		B001257C2A677C3B00439760 /* ExchangeViewModel.swift in Sources */ = {isa = PBXBuildFile; fileRef = B001257B2A677C3B00439760 /* ExchangeViewModel.swift */; };
		B03DF2A72A52735400FFA6C7 /* .swiftlint.yml in Resources */ = {isa = PBXBuildFile; fileRef = B03DF2A62A52735400FFA6C7 /* .swiftlint.yml */; };
		B09950F82A579DEB009AC534 /* Extension+Font.swift in Sources */ = {isa = PBXBuildFile; fileRef = B09950F72A579DEB009AC534 /* Extension+Font.swift */; };
		B09951032A57A412009AC534 /* SF-Pro-Text-Medium.otf in Resources */ = {isa = PBXBuildFile; fileRef = B09950FA2A57A411009AC534 /* SF-Pro-Text-Medium.otf */; };
		B09951042A57A412009AC534 /* SF-Pro-Text-Light.otf in Resources */ = {isa = PBXBuildFile; fileRef = B09950FB2A57A411009AC534 /* SF-Pro-Text-Light.otf */; };
		B09951052A57A412009AC534 /* SF-Pro-Text-Ultralight.otf in Resources */ = {isa = PBXBuildFile; fileRef = B09950FC2A57A411009AC534 /* SF-Pro-Text-Ultralight.otf */; };
		B09951062A57A412009AC534 /* SF-Pro-Text-Regular.otf in Resources */ = {isa = PBXBuildFile; fileRef = B09950FD2A57A411009AC534 /* SF-Pro-Text-Regular.otf */; };
		B09951072A57A412009AC534 /* SF-Pro-Text-Thin.otf in Resources */ = {isa = PBXBuildFile; fileRef = B09950FE2A57A411009AC534 /* SF-Pro-Text-Thin.otf */; };
		B09951082A57A412009AC534 /* SF-Pro-Text-Black.otf in Resources */ = {isa = PBXBuildFile; fileRef = B09950FF2A57A411009AC534 /* SF-Pro-Text-Black.otf */; };
		B09951092A57A412009AC534 /* SF-Pro-Text-Heavy.otf in Resources */ = {isa = PBXBuildFile; fileRef = B09951002A57A411009AC534 /* SF-Pro-Text-Heavy.otf */; };
		B099510A2A57A412009AC534 /* SF-Pro-Text-Bold.otf in Resources */ = {isa = PBXBuildFile; fileRef = B09951012A57A411009AC534 /* SF-Pro-Text-Bold.otf */; };
		B099510B2A57A412009AC534 /* SF-Pro-Text-Semibold.otf in Resources */ = {isa = PBXBuildFile; fileRef = B09951022A57A411009AC534 /* SF-Pro-Text-Semibold.otf */; };
		B099510F2A57A8CA009AC534 /* DesignSystemAsset.swift in Sources */ = {isa = PBXBuildFile; fileRef = B099510E2A57A8CA009AC534 /* DesignSystemAsset.swift */; };
		B09951162A57BC7D009AC534 /* CardView.swift in Sources */ = {isa = PBXBuildFile; fileRef = B09951152A57BC7D009AC534 /* CardView.swift */; };
		B09951232A5838DF009AC534 /* GoogleService-Info.plist in Resources */ = {isa = PBXBuildFile; fileRef = B09951222A5838DF009AC534 /* GoogleService-Info.plist */; };
		B09951262A5914D1009AC534 /* FirebaseAnalytics in Frameworks */ = {isa = PBXBuildFile; productRef = B09951252A5914D1009AC534 /* FirebaseAnalytics */; };
		B09951282A5914D1009AC534 /* FirebaseDatabase in Frameworks */ = {isa = PBXBuildFile; productRef = B09951272A5914D1009AC534 /* FirebaseDatabase */; };
		B099512A2A591BFD009AC534 /* AppDelegate.swift in Sources */ = {isa = PBXBuildFile; fileRef = B09951292A591BFD009AC534 /* AppDelegate.swift */; };
		B099512D2A592459009AC534 /* FireBaseDataBaseManager.swift in Sources */ = {isa = PBXBuildFile; fileRef = B099512C2A592459009AC534 /* FireBaseDataBaseManager.swift */; };
		B09951322A5B9760009AC534 /* AppleSignInButton.swift in Sources */ = {isa = PBXBuildFile; fileRef = B09951312A5B9760009AC534 /* AppleSignInButton.swift */; };
		B09951352A5B98B2009AC534 /* Utility.swift in Sources */ = {isa = PBXBuildFile; fileRef = B09951342A5B98B2009AC534 /* Utility.swift */; };
		B09951372A5B9AFC009AC534 /* Extension+UIApplication.swift in Sources */ = {isa = PBXBuildFile; fileRef = B09951362A5B9AFC009AC534 /* Extension+UIApplication.swift */; };
		B09951392A5B9B4D009AC534 /* Extension+UIScreen.swift in Sources */ = {isa = PBXBuildFile; fileRef = B09951382A5B9B4D009AC534 /* Extension+UIScreen.swift */; };
		B099513D2A5BA428009AC534 /* MainView.swift in Sources */ = {isa = PBXBuildFile; fileRef = B099513C2A5BA428009AC534 /* MainView.swift */; };
		B09951402A5BA5BF009AC534 /* OnBoardView.swift in Sources */ = {isa = PBXBuildFile; fileRef = B099513F2A5BA5BF009AC534 /* OnBoardView.swift */; };
		B09951422A5BA8AF009AC534 /* Extension+Color.swift in Sources */ = {isa = PBXBuildFile; fileRef = B09951412A5BA8AF009AC534 /* Extension+Color.swift */; };
		B09951452A5BA8EF009AC534 /* PreferenceManager.swift in Sources */ = {isa = PBXBuildFile; fileRef = B09951442A5BA8EF009AC534 /* PreferenceManager.swift */; };
		B09951482A5CD706009AC534 /* MainViewModel.swift in Sources */ = {isa = PBXBuildFile; fileRef = B09951472A5CD706009AC534 /* MainViewModel.swift */; };
		B099514F2A5CE2B3009AC534 /* OnBoardViewModel.swift in Sources */ = {isa = PBXBuildFile; fileRef = B099514E2A5CE2B3009AC534 /* OnBoardViewModel.swift */; };
		B09951562A5CF15E009AC534 /* Extension+String.swift in Sources */ = {isa = PBXBuildFile; fileRef = B09951552A5CF15E009AC534 /* Extension+String.swift */; };
		B09951582A5E377A009AC534 /* OnBoardTab.swift in Sources */ = {isa = PBXBuildFile; fileRef = B09951572A5E377A009AC534 /* OnBoardTab.swift */; };
		B099515B2A5F7E41009AC534 /* Lottie in Frameworks */ = {isa = PBXBuildFile; productRef = B099515A2A5F7E41009AC534 /* Lottie */; };
		B099515E2A5F7F84009AC534 /* LottieView.swift in Sources */ = {isa = PBXBuildFile; fileRef = B099515D2A5F7F84009AC534 /* LottieView.swift */; };
		B09951642A5FF55C009AC534 /* MEDROP.json in Resources */ = {isa = PBXBuildFile; fileRef = B09951632A5FF55C009AC534 /* MEDROP.json */; };
		B0D9B37D2A6F4FF80032B8FF /* ExchangeDataModel.swift in Sources */ = {isa = PBXBuildFile; fileRef = B0D9B37C2A6F4FF80032B8FF /* ExchangeDataModel.swift */; };
		B0D9B37F2A74F11E0032B8FF /* Loading.json in Resources */ = {isa = PBXBuildFile; fileRef = B0D9B37E2A74F11E0032B8FF /* Loading.json */; };
		B0D9B3822A764D7F0032B8FF /* Toast.swift in Sources */ = {isa = PBXBuildFile; fileRef = B0D9B3812A764D7F0032B8FF /* Toast.swift */; };
		B0D9B3842A764DB30032B8FF /* ToastView.swift in Sources */ = {isa = PBXBuildFile; fileRef = B0D9B3832A764DB30032B8FF /* ToastView.swift */; };
		B0D9B3862A764E4C0032B8FF /* ToastModifier.swift in Sources */ = {isa = PBXBuildFile; fileRef = B0D9B3852A764E4C0032B8FF /* ToastModifier.swift */; };
		B0E4D6922A5266D000788200 /* MeDropApp.swift in Sources */ = {isa = PBXBuildFile; fileRef = B0E4D6912A5266D000788200 /* MeDropApp.swift */; };
		B0E4D6962A5266D100788200 /* Assets.xcassets in Resources */ = {isa = PBXBuildFile; fileRef = B0E4D6952A5266D100788200 /* Assets.xcassets */; };
		B0E4D6992A5266D100788200 /* Preview Assets.xcassets in Resources */ = {isa = PBXBuildFile; fileRef = B0E4D6982A5266D100788200 /* Preview Assets.xcassets */; };
/* End PBXBuildFile section */

/* Begin PBXFileReference section */
		1231DBB92A5BE34B00473CA0 /* Extension+CGFloat.swift */ = {isa = PBXFileReference; lastKnownFileType = sourcecode.swift; path = "Extension+CGFloat.swift"; sourceTree = "<group>"; };
		681557E32A77EE3300625801 /* CreateCardView.swift */ = {isa = PBXFileReference; lastKnownFileType = sourcecode.swift; path = CreateCardView.swift; sourceTree = "<group>"; };
		681557E52A77F03800625801 /* EnterInfo1View.swift */ = {isa = PBXFileReference; lastKnownFileType = sourcecode.swift; path = EnterInfo1View.swift; sourceTree = "<group>"; };
		681557E72A77FA5B00625801 /* EnterInfo2View.swift */ = {isa = PBXFileReference; lastKnownFileType = sourcecode.swift; path = EnterInfo2View.swift; sourceTree = "<group>"; };
		681557E92A77FC1700625801 /* SNSEnterView.swift */ = {isa = PBXFileReference; lastKnownFileType = sourcecode.swift; path = SNSEnterView.swift; sourceTree = "<group>"; };
		681557EB2A78041D00625801 /* EnterDesignView.swift */ = {isa = PBXFileReference; lastKnownFileType = sourcecode.swift; path = EnterDesignView.swift; sourceTree = "<group>"; };
		681557EF2A78700500625801 /* CustomCarouselView.swift */ = {isa = PBXFileReference; lastKnownFileType = sourcecode.swift; path = CustomCarouselView.swift; sourceTree = "<group>"; };
		682109A32A78E4D2002CABE7 /* TapCollectionShape.swift */ = {isa = PBXFileReference; lastKnownFileType = sourcecode.swift; path = TapCollectionShape.swift; sourceTree = "<group>"; };
		682109A52A78FE78002CABE7 /* CarouselDesignView.swift */ = {isa = PBXFileReference; lastKnownFileType = sourcecode.swift; path = CarouselDesignView.swift; sourceTree = "<group>"; };
		682109A72A792111002CABE7 /* CardDesignView.swift */ = {isa = PBXFileReference; lastKnownFileType = sourcecode.swift; path = CardDesignView.swift; sourceTree = "<group>"; };
		682C62C62A59AB7900137393 /* Profile+ProfileCardModel.swift */ = {isa = PBXFileReference; lastKnownFileType = sourcecode.swift; path = "Profile+ProfileCardModel.swift"; sourceTree = "<group>"; };
		68D92B142A765F7900121985 /* MainTabView.swift */ = {isa = PBXFileReference; lastKnownFileType = sourcecode.swift; path = MainTabView.swift; sourceTree = "<group>"; };
		68D92B182A766C6600121985 /* TapClipperShape.swift */ = {isa = PBXFileReference; lastKnownFileType = sourcecode.swift; path = TapClipperShape.swift; sourceTree = "<group>"; };
		68D92B1A2A766CB800121985 /* Tab.swift */ = {isa = PBXFileReference; lastKnownFileType = sourcecode.swift; path = Tab.swift; sourceTree = "<group>"; };
		970AFC792A723ACE0041A948 /* CardDetailCollectedView.swift */ = {isa = PBXFileReference; lastKnownFileType = sourcecode.swift; path = CardDetailCollectedView.swift; sourceTree = "<group>"; };
		970AFC7E2A723B730041A948 /* CollectedCardsView.swift */ = {isa = PBXFileReference; lastKnownFileType = sourcecode.swift; path = CollectedCardsView.swift; sourceTree = "<group>"; };
		970AFC802A723B960041A948 /* Extension+CollectionView.swift */ = {isa = PBXFileReference; lastKnownFileType = sourcecode.swift; path = "Extension+CollectionView.swift"; sourceTree = "<group>"; };
		970AFC832A723D240041A948 /* CardDetailViewModel.swift */ = {isa = PBXFileReference; lastKnownFileType = sourcecode.swift; path = CardDetailViewModel.swift; sourceTree = "<group>"; };
		970AFC912A723E420041A948 /* MenuView.swift */ = {isa = PBXFileReference; lastKnownFileType = sourcecode.swift; path = MenuView.swift; sourceTree = "<group>"; };
		97C5EBEC2A723A9D0005441A /* CardDetailView.swift */ = {isa = PBXFileReference; lastKnownFileType = sourcecode.swift; path = CardDetailView.swift; sourceTree = "<group>"; };
		97C5EBEE2A723AB00005441A /* CardDetailMyView.swift */ = {isa = PBXFileReference; lastKnownFileType = sourcecode.swift; path = CardDetailMyView.swift; sourceTree = "<group>"; };
		97CA10AA2A7238E9006C6422 /* MyCards.swift */ = {isa = PBXFileReference; lastKnownFileType = sourcecode.swift; path = MyCards.swift; sourceTree = "<group>"; };
		97CA10AC2A723949006C6422 /* CardStore.swift */ = {isa = PBXFileReference; lastKnownFileType = sourcecode.swift; path = CardStore.swift; sourceTree = "<group>"; };
		97CC87942A7912F30094075D /* CardViewModel.swift */ = {isa = PBXFileReference; lastKnownFileType = sourcecode.swift; path = CardViewModel.swift; sourceTree = "<group>"; };
		9BA1A2222A5B9123003B7556 /* Extension+View.swift */ = {isa = PBXFileReference; lastKnownFileType = sourcecode.swift; path = "Extension+View.swift"; sourceTree = "<group>"; };
		B00125762A677B2E00439760 /* ExchangeView.swift */ = {isa = PBXFileReference; lastKnownFileType = sourcecode.swift; path = ExchangeView.swift; sourceTree = "<group>"; };
		B001257B2A677C3B00439760 /* ExchangeViewModel.swift */ = {isa = PBXFileReference; lastKnownFileType = sourcecode.swift; path = ExchangeViewModel.swift; sourceTree = "<group>"; };
		B03DF2A62A52735400FFA6C7 /* .swiftlint.yml */ = {isa = PBXFileReference; lastKnownFileType = text.yaml; path = .swiftlint.yml; sourceTree = "<group>"; };
		B09950F72A579DEB009AC534 /* Extension+Font.swift */ = {isa = PBXFileReference; lastKnownFileType = sourcecode.swift; path = "Extension+Font.swift"; sourceTree = "<group>"; };
		B09950FA2A57A411009AC534 /* SF-Pro-Text-Medium.otf */ = {isa = PBXFileReference; lastKnownFileType = file; path = "SF-Pro-Text-Medium.otf"; sourceTree = "<group>"; };
		B09950FB2A57A411009AC534 /* SF-Pro-Text-Light.otf */ = {isa = PBXFileReference; lastKnownFileType = file; path = "SF-Pro-Text-Light.otf"; sourceTree = "<group>"; };
		B09950FC2A57A411009AC534 /* SF-Pro-Text-Ultralight.otf */ = {isa = PBXFileReference; lastKnownFileType = file; path = "SF-Pro-Text-Ultralight.otf"; sourceTree = "<group>"; };
		B09950FD2A57A411009AC534 /* SF-Pro-Text-Regular.otf */ = {isa = PBXFileReference; lastKnownFileType = file; path = "SF-Pro-Text-Regular.otf"; sourceTree = "<group>"; };
		B09950FE2A57A411009AC534 /* SF-Pro-Text-Thin.otf */ = {isa = PBXFileReference; lastKnownFileType = file; path = "SF-Pro-Text-Thin.otf"; sourceTree = "<group>"; };
		B09950FF2A57A411009AC534 /* SF-Pro-Text-Black.otf */ = {isa = PBXFileReference; lastKnownFileType = file; path = "SF-Pro-Text-Black.otf"; sourceTree = "<group>"; };
		B09951002A57A411009AC534 /* SF-Pro-Text-Heavy.otf */ = {isa = PBXFileReference; lastKnownFileType = file; path = "SF-Pro-Text-Heavy.otf"; sourceTree = "<group>"; };
		B09951012A57A411009AC534 /* SF-Pro-Text-Bold.otf */ = {isa = PBXFileReference; lastKnownFileType = file; path = "SF-Pro-Text-Bold.otf"; sourceTree = "<group>"; };
		B09951022A57A411009AC534 /* SF-Pro-Text-Semibold.otf */ = {isa = PBXFileReference; lastKnownFileType = file; path = "SF-Pro-Text-Semibold.otf"; sourceTree = "<group>"; };
		B099510C2A57A437009AC534 /* Info.plist */ = {isa = PBXFileReference; lastKnownFileType = text.plist.xml; path = Info.plist; sourceTree = "<group>"; };
		B099510E2A57A8CA009AC534 /* DesignSystemAsset.swift */ = {isa = PBXFileReference; lastKnownFileType = sourcecode.swift; path = DesignSystemAsset.swift; sourceTree = "<group>"; };
		B09951152A57BC7D009AC534 /* CardView.swift */ = {isa = PBXFileReference; lastKnownFileType = sourcecode.swift; path = CardView.swift; sourceTree = "<group>"; };
		B09951222A5838DF009AC534 /* GoogleService-Info.plist */ = {isa = PBXFileReference; fileEncoding = 4; lastKnownFileType = text.plist.xml; path = "GoogleService-Info.plist"; sourceTree = "<group>"; };
		B09951292A591BFD009AC534 /* AppDelegate.swift */ = {isa = PBXFileReference; lastKnownFileType = sourcecode.swift; path = AppDelegate.swift; sourceTree = "<group>"; };
		B099512C2A592459009AC534 /* FireBaseDataBaseManager.swift */ = {isa = PBXFileReference; lastKnownFileType = sourcecode.swift; path = FireBaseDataBaseManager.swift; sourceTree = "<group>"; };
		B099512F2A5B9452009AC534 /* MeDrop.entitlements */ = {isa = PBXFileReference; lastKnownFileType = text.plist.entitlements; path = MeDrop.entitlements; sourceTree = "<group>"; };
		B09951312A5B9760009AC534 /* AppleSignInButton.swift */ = {isa = PBXFileReference; lastKnownFileType = sourcecode.swift; path = AppleSignInButton.swift; sourceTree = "<group>"; };
		B09951342A5B98B2009AC534 /* Utility.swift */ = {isa = PBXFileReference; lastKnownFileType = sourcecode.swift; path = Utility.swift; sourceTree = "<group>"; };
		B09951362A5B9AFC009AC534 /* Extension+UIApplication.swift */ = {isa = PBXFileReference; lastKnownFileType = sourcecode.swift; path = "Extension+UIApplication.swift"; sourceTree = "<group>"; };
		B09951382A5B9B4D009AC534 /* Extension+UIScreen.swift */ = {isa = PBXFileReference; lastKnownFileType = sourcecode.swift; path = "Extension+UIScreen.swift"; sourceTree = "<group>"; };
		B099513C2A5BA428009AC534 /* MainView.swift */ = {isa = PBXFileReference; lastKnownFileType = sourcecode.swift; path = MainView.swift; sourceTree = "<group>"; };
		B099513F2A5BA5BF009AC534 /* OnBoardView.swift */ = {isa = PBXFileReference; lastKnownFileType = sourcecode.swift; path = OnBoardView.swift; sourceTree = "<group>"; };
		B09951412A5BA8AF009AC534 /* Extension+Color.swift */ = {isa = PBXFileReference; lastKnownFileType = sourcecode.swift; path = "Extension+Color.swift"; sourceTree = "<group>"; };
		B09951442A5BA8EF009AC534 /* PreferenceManager.swift */ = {isa = PBXFileReference; lastKnownFileType = sourcecode.swift; path = PreferenceManager.swift; sourceTree = "<group>"; };
		B09951472A5CD706009AC534 /* MainViewModel.swift */ = {isa = PBXFileReference; lastKnownFileType = sourcecode.swift; path = MainViewModel.swift; sourceTree = "<group>"; };
		B099514E2A5CE2B3009AC534 /* OnBoardViewModel.swift */ = {isa = PBXFileReference; lastKnownFileType = sourcecode.swift; path = OnBoardViewModel.swift; sourceTree = "<group>"; };
		B09951552A5CF15E009AC534 /* Extension+String.swift */ = {isa = PBXFileReference; lastKnownFileType = sourcecode.swift; path = "Extension+String.swift"; sourceTree = "<group>"; };
		B09951572A5E377A009AC534 /* OnBoardTab.swift */ = {isa = PBXFileReference; lastKnownFileType = sourcecode.swift; path = OnBoardTab.swift; sourceTree = "<group>"; };
		B099515D2A5F7F84009AC534 /* LottieView.swift */ = {isa = PBXFileReference; lastKnownFileType = sourcecode.swift; path = LottieView.swift; sourceTree = "<group>"; };
		B09951632A5FF55C009AC534 /* MEDROP.json */ = {isa = PBXFileReference; fileEncoding = 4; lastKnownFileType = text.json; path = MEDROP.json; sourceTree = "<group>"; };
		B0D9B37C2A6F4FF80032B8FF /* ExchangeDataModel.swift */ = {isa = PBXFileReference; lastKnownFileType = sourcecode.swift; path = ExchangeDataModel.swift; sourceTree = "<group>"; };
		B0D9B37E2A74F11E0032B8FF /* Loading.json */ = {isa = PBXFileReference; fileEncoding = 4; lastKnownFileType = text.json; path = Loading.json; sourceTree = "<group>"; };
		B0D9B3812A764D7F0032B8FF /* Toast.swift */ = {isa = PBXFileReference; lastKnownFileType = sourcecode.swift; path = Toast.swift; sourceTree = "<group>"; };
		B0D9B3832A764DB30032B8FF /* ToastView.swift */ = {isa = PBXFileReference; lastKnownFileType = sourcecode.swift; path = ToastView.swift; sourceTree = "<group>"; };
		B0D9B3852A764E4C0032B8FF /* ToastModifier.swift */ = {isa = PBXFileReference; lastKnownFileType = sourcecode.swift; path = ToastModifier.swift; sourceTree = "<group>"; };
		B0E4D68E2A5266D000788200 /* MeDrop.app */ = {isa = PBXFileReference; explicitFileType = wrapper.application; includeInIndex = 0; path = MeDrop.app; sourceTree = BUILT_PRODUCTS_DIR; };
		B0E4D6912A5266D000788200 /* MeDropApp.swift */ = {isa = PBXFileReference; lastKnownFileType = sourcecode.swift; path = MeDropApp.swift; sourceTree = "<group>"; };
		B0E4D6952A5266D100788200 /* Assets.xcassets */ = {isa = PBXFileReference; lastKnownFileType = folder.assetcatalog; path = Assets.xcassets; sourceTree = "<group>"; };
		B0E4D6982A5266D100788200 /* Preview Assets.xcassets */ = {isa = PBXFileReference; lastKnownFileType = folder.assetcatalog; path = "Preview Assets.xcassets"; sourceTree = "<group>"; };
/* End PBXFileReference section */

/* Begin PBXFrameworksBuildPhase section */
		B0E4D68B2A5266D000788200 /* Frameworks */ = {
			isa = PBXFrameworksBuildPhase;
			buildActionMask = 2147483647;
			files = (
				B09951282A5914D1009AC534 /* FirebaseDatabase in Frameworks */,
				B09951262A5914D1009AC534 /* FirebaseAnalytics in Frameworks */,
				B099515B2A5F7E41009AC534 /* Lottie in Frameworks */,
			);
			runOnlyForDeploymentPostprocessing = 0;
		};
/* End PBXFrameworksBuildPhase section */

/* Begin PBXGroup section */
		68D92B162A766C3C00121985 /* Tab */ = {
			isa = PBXGroup;
			children = (
				68D92B172A766C4400121985 /* View */,
			);
			path = Tab;
			sourceTree = "<group>";
		};
		68D92B172A766C4400121985 /* View */ = {
			isa = PBXGroup;
			children = (
				68D92B182A766C6600121985 /* TapClipperShape.swift */,
				68D92B1A2A766CB800121985 /* Tab.swift */,
				682109A32A78E4D2002CABE7 /* TapCollectionShape.swift */,
			);
			path = View;
			sourceTree = "<group>";
		};
		970AFC7B2A723B4E0041A948 /* CollectedCards */ = {
			isa = PBXGroup;
			children = (
				970AFC7C2A723B560041A948 /* View */,
			);
			path = CollectedCards;
			sourceTree = "<group>";
		};
		970AFC7C2A723B560041A948 /* View */ = {
			isa = PBXGroup;
			children = (
				970AFC7E2A723B730041A948 /* CollectedCardsView.swift */,
				970AFC802A723B960041A948 /* Extension+CollectionView.swift */,
			);
			path = View;
			sourceTree = "<group>";
		};
		970AFC822A723D0F0041A948 /* ViewModel */ = {
			isa = PBXGroup;
			children = (
				970AFC832A723D240041A948 /* CardDetailViewModel.swift */,
			);
			path = ViewModel;
			sourceTree = "<group>";
		};
		970AFC852A723D6D0041A948 /* Create */ = {
			isa = PBXGroup;
			children = (
				970AFC872A723D830041A948 /* ViewModel */,
				970AFC862A723D7A0041A948 /* View */,
			);
			path = Create;
			sourceTree = "<group>";
		};
		970AFC862A723D7A0041A948 /* View */ = {
			isa = PBXGroup;
			children = (
				681557E32A77EE3300625801 /* CreateCardView.swift */,
				681557E52A77F03800625801 /* EnterInfo1View.swift */,
				681557E72A77FA5B00625801 /* EnterInfo2View.swift */,
				681557E92A77FC1700625801 /* SNSEnterView.swift */,
				681557EB2A78041D00625801 /* EnterDesignView.swift */,
			);
			path = View;
			sourceTree = "<group>";
		};
		970AFC872A723D830041A948 /* ViewModel */ = {
			isa = PBXGroup;
			children = (
			);
			path = ViewModel;
			sourceTree = "<group>";
		};
		970AFC902A723E270041A948 /* Menu */ = {
			isa = PBXGroup;
			children = (
				970AFC912A723E420041A948 /* MenuView.swift */,
			);
			path = Menu;
			sourceTree = "<group>";
		};
		97C5EBEA2A723A6A0005441A /* CardDetail */ = {
			isa = PBXGroup;
			children = (
				970AFC822A723D0F0041A948 /* ViewModel */,
				97C5EBEB2A723A710005441A /* View */,
			);
			path = CardDetail;
			sourceTree = "<group>";
		};
		97C5EBEB2A723A710005441A /* View */ = {
			isa = PBXGroup;
			children = (
				97C5EBEC2A723A9D0005441A /* CardDetailView.swift */,
				97C5EBEE2A723AB00005441A /* CardDetailMyView.swift */,
				970AFC792A723ACE0041A948 /* CardDetailCollectedView.swift */,
			);
			path = View;
			sourceTree = "<group>";
		};
		97CA10A62A7237EF006C6422 /* MyCards */ = {
			isa = PBXGroup;
			children = (
				97CA10A72A72380D006C6422 /* View */,
			);
			path = MyCards;
			sourceTree = "<group>";
		};
		97CA10A72A72380D006C6422 /* View */ = {
			isa = PBXGroup;
			children = (
				97CA10AA2A7238E9006C6422 /* MyCards.swift */,
				681557EF2A78700500625801 /* CustomCarouselView.swift */,
				682109A52A78FE78002CABE7 /* CarouselDesignView.swift */,
			);
			path = View;
			sourceTree = "<group>";
		};
		B00125742A677B1D00439760 /* Exchange */ = {
			isa = PBXGroup;
			children = (
				B0D9B37B2A6F4FCA0032B8FF /* Model */,
				B00125782A677B3300439760 /* ViewModel */,
				B00125752A677B2700439760 /* View */,
			);
			path = Exchange;
			sourceTree = "<group>";
		};
		B00125752A677B2700439760 /* View */ = {
			isa = PBXGroup;
			children = (
				B00125762A677B2E00439760 /* ExchangeView.swift */,
			);
			path = View;
			sourceTree = "<group>";
		};
		B00125782A677B3300439760 /* ViewModel */ = {
			isa = PBXGroup;
			children = (
				B001257B2A677C3B00439760 /* ExchangeViewModel.swift */,
			);
			path = ViewModel;
			sourceTree = "<group>";
		};
		B09950F32A579D88009AC534 /* Resources */ = {
			isa = PBXGroup;
			children = (
				B099510D2A57A8A0009AC534 /* DesignSystem */,
				B09950F92A57A0EC009AC534 /* Fonts */,
				B0E4D6952A5266D100788200 /* Assets.xcassets */,
				B0D9B37E2A74F11E0032B8FF /* Loading.json */,
				B09951632A5FF55C009AC534 /* MEDROP.json */,
			);
			path = Resources;
			sourceTree = "<group>";
		};
		B09950F42A579D9D009AC534 /* Sources */ = {
			isa = PBXGroup;
			children = (
				68D92B162A766C3C00121985 /* Tab */,
				B099513A2A5BA40B009AC534 /* Main */,
				B099512E2A597BAB009AC534 /* OnBoard */,
				97CA10A62A7237EF006C6422 /* MyCards */,
				970AFC7B2A723B4E0041A948 /* CollectedCards */,
				970AFC902A723E270041A948 /* Menu */,
				970AFC852A723D6D0041A948 /* Create */,
				97C5EBEA2A723A6A0005441A /* CardDetail */,
				B00125742A677B1D00439760 /* Exchange */,
				B099511F2A57BD25009AC534 /* Model */,
				B09950F52A579DBC009AC534 /* Util */,
				B09951132A57BC51009AC534 /* Components */,
				B0E4D6912A5266D000788200 /* MeDropApp.swift */,
				B09951292A591BFD009AC534 /* AppDelegate.swift */,
			);
			path = Sources;
			sourceTree = "<group>";
		};
		B09950F52A579DBC009AC534 /* Util */ = {
			isa = PBXGroup;
			children = (
				B09951432A5BA8CF009AC534 /* Manager */,
				B09951332A5B9895009AC534 /* Utility */,
				B09950F62A579DCA009AC534 /* Extensions */,
			);
			path = Util;
			sourceTree = "<group>";
		};
		B09950F62A579DCA009AC534 /* Extensions */ = {
			isa = PBXGroup;
			children = (
				B09950F72A579DEB009AC534 /* Extension+Font.swift */,
				9BA1A2222A5B9123003B7556 /* Extension+View.swift */,
				B09951362A5B9AFC009AC534 /* Extension+UIApplication.swift */,
				B09951382A5B9B4D009AC534 /* Extension+UIScreen.swift */,
				B09951412A5BA8AF009AC534 /* Extension+Color.swift */,
				1231DBB92A5BE34B00473CA0 /* Extension+CGFloat.swift */,
				B09951552A5CF15E009AC534 /* Extension+String.swift */,
			);
			path = Extensions;
			sourceTree = "<group>";
		};
		B09950F92A57A0EC009AC534 /* Fonts */ = {
			isa = PBXGroup;
			children = (
				B09950FF2A57A411009AC534 /* SF-Pro-Text-Black.otf */,
				B09951012A57A411009AC534 /* SF-Pro-Text-Bold.otf */,
				B09951002A57A411009AC534 /* SF-Pro-Text-Heavy.otf */,
				B09950FB2A57A411009AC534 /* SF-Pro-Text-Light.otf */,
				B09950FA2A57A411009AC534 /* SF-Pro-Text-Medium.otf */,
				B09950FD2A57A411009AC534 /* SF-Pro-Text-Regular.otf */,
				B09951022A57A411009AC534 /* SF-Pro-Text-Semibold.otf */,
				B09950FE2A57A411009AC534 /* SF-Pro-Text-Thin.otf */,
				B09950FC2A57A411009AC534 /* SF-Pro-Text-Ultralight.otf */,
			);
			path = Fonts;
			sourceTree = "<group>";
		};
		B099510D2A57A8A0009AC534 /* DesignSystem */ = {
			isa = PBXGroup;
			children = (
				B099510E2A57A8CA009AC534 /* DesignSystemAsset.swift */,
			);
			path = DesignSystem;
			sourceTree = "<group>";
		};
		B09951132A57BC51009AC534 /* Components */ = {
			isa = PBXGroup;
			children = (
				B0D9B3802A764BE90032B8FF /* Toast */,
				B099515C2A5F7F72009AC534 /* LottieView */,
				B09951142A57BC5B009AC534 /* CardView */,
			);
			path = Components;
			sourceTree = "<group>";
		};
		B09951142A57BC5B009AC534 /* CardView */ = {
			isa = PBXGroup;
			children = (
				B09951152A57BC7D009AC534 /* CardView.swift */,
				682109A72A792111002CABE7 /* CardDesignView.swift */,
				97CC87942A7912F30094075D /* CardViewModel.swift */,

			);
			path = CardView;
			sourceTree = "<group>";
		};
		B099511F2A57BD25009AC534 /* Model */ = {
			isa = PBXGroup;
			children = (
				682C62C62A59AB7900137393 /* Profile+ProfileCardModel.swift */,
				B09951572A5E377A009AC534 /* OnBoardTab.swift */,
				97CA10AC2A723949006C6422 /* CardStore.swift */,
			);
			path = Model;
			sourceTree = "<group>";
		};
		B099512E2A597BAB009AC534 /* OnBoard */ = {
			isa = PBXGroup;
			children = (
				B099514D2A5CE2A8009AC534 /* ViewModel */,
				B099513E2A5BA5AC009AC534 /* View */,
			);
			path = OnBoard;
			sourceTree = "<group>";
		};
		B09951302A5B974C009AC534 /* AppleSignInButton */ = {
			isa = PBXGroup;
			children = (
				B09951312A5B9760009AC534 /* AppleSignInButton.swift */,
			);
			path = AppleSignInButton;
			sourceTree = "<group>";
		};
		B09951332A5B9895009AC534 /* Utility */ = {
			isa = PBXGroup;
			children = (
				B09951342A5B98B2009AC534 /* Utility.swift */,
			);
			path = Utility;
			sourceTree = "<group>";
		};
		B099513A2A5BA40B009AC534 /* Main */ = {
			isa = PBXGroup;
			children = (
				B09951462A5CD6FC009AC534 /* ViewModel */,
				B099513B2A5BA41C009AC534 /* View */,
			);
			path = Main;
			sourceTree = "<group>";
		};
		B099513B2A5BA41C009AC534 /* View */ = {
			isa = PBXGroup;
			children = (
				B099513C2A5BA428009AC534 /* MainView.swift */,
				68D92B142A765F7900121985 /* MainTabView.swift */,
			);
			path = View;
			sourceTree = "<group>";
		};
		B099513E2A5BA5AC009AC534 /* View */ = {
			isa = PBXGroup;
			children = (
				B09951302A5B974C009AC534 /* AppleSignInButton */,
				B099513F2A5BA5BF009AC534 /* OnBoardView.swift */,
			);
			path = View;
			sourceTree = "<group>";
		};
		B09951432A5BA8CF009AC534 /* Manager */ = {
			isa = PBXGroup;
			children = (
				B099512C2A592459009AC534 /* FireBaseDataBaseManager.swift */,
				B09951442A5BA8EF009AC534 /* PreferenceManager.swift */,
			);
			path = Manager;
			sourceTree = "<group>";
		};
		B09951462A5CD6FC009AC534 /* ViewModel */ = {
			isa = PBXGroup;
			children = (
				B09951472A5CD706009AC534 /* MainViewModel.swift */,
			);
			path = ViewModel;
			sourceTree = "<group>";
		};
		B099514D2A5CE2A8009AC534 /* ViewModel */ = {
			isa = PBXGroup;
			children = (
				B099514E2A5CE2B3009AC534 /* OnBoardViewModel.swift */,
			);
			path = ViewModel;
			sourceTree = "<group>";
		};
		B099515C2A5F7F72009AC534 /* LottieView */ = {
			isa = PBXGroup;
			children = (
				B099515D2A5F7F84009AC534 /* LottieView.swift */,
			);
			path = LottieView;
			sourceTree = "<group>";
		};
		B0D9B37B2A6F4FCA0032B8FF /* Model */ = {
			isa = PBXGroup;
			children = (
				B0D9B37C2A6F4FF80032B8FF /* ExchangeDataModel.swift */,
			);
			path = Model;
			sourceTree = "<group>";
		};
		B0D9B3802A764BE90032B8FF /* Toast */ = {
			isa = PBXGroup;
			children = (
				B0D9B3812A764D7F0032B8FF /* Toast.swift */,
				B0D9B3832A764DB30032B8FF /* ToastView.swift */,
				B0D9B3852A764E4C0032B8FF /* ToastModifier.swift */,
			);
			path = Toast;
			sourceTree = "<group>";
		};
		B0E4D6852A5266D000788200 = {
			isa = PBXGroup;
			children = (
				B09951222A5838DF009AC534 /* GoogleService-Info.plist */,
				B03DF2A62A52735400FFA6C7 /* .swiftlint.yml */,
				B0E4D6902A5266D000788200 /* MeDrop */,
				B0E4D68F2A5266D000788200 /* Products */,
			);
			sourceTree = "<group>";
		};
		B0E4D68F2A5266D000788200 /* Products */ = {
			isa = PBXGroup;
			children = (
				B0E4D68E2A5266D000788200 /* MeDrop.app */,
			);
			name = Products;
			sourceTree = "<group>";
		};
		B0E4D6902A5266D000788200 /* MeDrop */ = {
			isa = PBXGroup;
			children = (
				B099512F2A5B9452009AC534 /* MeDrop.entitlements */,
				B099510C2A57A437009AC534 /* Info.plist */,
				B09950F42A579D9D009AC534 /* Sources */,
				B09950F32A579D88009AC534 /* Resources */,
				B0E4D6972A5266D100788200 /* Preview Content */,
			);
			path = MeDrop;
			sourceTree = "<group>";
		};
		B0E4D6972A5266D100788200 /* Preview Content */ = {
			isa = PBXGroup;
			children = (
				B0E4D6982A5266D100788200 /* Preview Assets.xcassets */,
			);
			path = "Preview Content";
			sourceTree = "<group>";
		};
/* End PBXGroup section */

/* Begin PBXNativeTarget section */
		B0E4D68D2A5266D000788200 /* MeDrop */ = {
			isa = PBXNativeTarget;
			buildConfigurationList = B0E4D69C2A5266D100788200 /* Build configuration list for PBXNativeTarget "MeDrop" */;
			buildPhases = (
				B03DF2A52A52727800FFA6C7 /* SwiftLint Script */,
				B0E4D68A2A5266D000788200 /* Sources */,
				B0E4D68B2A5266D000788200 /* Frameworks */,
				B0E4D68C2A5266D000788200 /* Resources */,
			);
			buildRules = (
			);
			dependencies = (
			);
			name = MeDrop;
			packageProductDependencies = (
				B09951252A5914D1009AC534 /* FirebaseAnalytics */,
				B09951272A5914D1009AC534 /* FirebaseDatabase */,
				B099515A2A5F7E41009AC534 /* Lottie */,
			);
			productName = MeDrop;
			productReference = B0E4D68E2A5266D000788200 /* MeDrop.app */;
			productType = "com.apple.product-type.application";
		};
/* End PBXNativeTarget section */

/* Begin PBXProject section */
		B0E4D6862A5266D000788200 /* Project object */ = {
			isa = PBXProject;
			attributes = {
				BuildIndependentTargetsInParallel = 1;
				LastSwiftUpdateCheck = 1420;
				LastUpgradeCheck = 1420;
				TargetAttributes = {
					B0E4D68D2A5266D000788200 = {
						CreatedOnToolsVersion = 14.2;
					};
				};
			};
			buildConfigurationList = B0E4D6892A5266D000788200 /* Build configuration list for PBXProject "MeDrop" */;
			compatibilityVersion = "Xcode 14.0";
			developmentRegion = en;
			hasScannedForEncodings = 0;
			knownRegions = (
				en,
				Base,
			);
			mainGroup = B0E4D6852A5266D000788200;
			packageReferences = (
				B09951242A5914D1009AC534 /* XCRemoteSwiftPackageReference "firebase-ios-sdk" */,
				B09951592A5F7E41009AC534 /* XCRemoteSwiftPackageReference "lottie-ios" */,
			);
			productRefGroup = B0E4D68F2A5266D000788200 /* Products */;
			projectDirPath = "";
			projectRoot = "";
			targets = (
				B0E4D68D2A5266D000788200 /* MeDrop */,
			);
		};
/* End PBXProject section */

/* Begin PBXResourcesBuildPhase section */
		B0E4D68C2A5266D000788200 /* Resources */ = {
			isa = PBXResourcesBuildPhase;
			buildActionMask = 2147483647;
			files = (
				B09951642A5FF55C009AC534 /* MEDROP.json in Resources */,
				B09951232A5838DF009AC534 /* GoogleService-Info.plist in Resources */,
				B099510B2A57A412009AC534 /* SF-Pro-Text-Semibold.otf in Resources */,
				B09951032A57A412009AC534 /* SF-Pro-Text-Medium.otf in Resources */,
				B09951082A57A412009AC534 /* SF-Pro-Text-Black.otf in Resources */,
				B09951052A57A412009AC534 /* SF-Pro-Text-Ultralight.otf in Resources */,
				B03DF2A72A52735400FFA6C7 /* .swiftlint.yml in Resources */,
				B0E4D6992A5266D100788200 /* Preview Assets.xcassets in Resources */,
				B099510A2A57A412009AC534 /* SF-Pro-Text-Bold.otf in Resources */,
				B09951072A57A412009AC534 /* SF-Pro-Text-Thin.otf in Resources */,
				B0E4D6962A5266D100788200 /* Assets.xcassets in Resources */,
				B09951092A57A412009AC534 /* SF-Pro-Text-Heavy.otf in Resources */,
				B09951042A57A412009AC534 /* SF-Pro-Text-Light.otf in Resources */,
				B09951062A57A412009AC534 /* SF-Pro-Text-Regular.otf in Resources */,
				B0D9B37F2A74F11E0032B8FF /* Loading.json in Resources */,
			);
			runOnlyForDeploymentPostprocessing = 0;
		};
/* End PBXResourcesBuildPhase section */

/* Begin PBXShellScriptBuildPhase section */
		B03DF2A52A52727800FFA6C7 /* SwiftLint Script */ = {
			isa = PBXShellScriptBuildPhase;
			buildActionMask = 2147483647;
			files = (
			);
			inputFileListPaths = (
			);
			inputPaths = (
			);
			name = "SwiftLint Script";
			outputFileListPaths = (
			);
			outputPaths = (
			);
			runOnlyForDeploymentPostprocessing = 0;
			shellPath = /bin/sh;
			shellScript = "export PATH=\"$PATH:/opt/homebrew/bin\"\nif which swiftlint > /dev/null; then\n  swiftlint\nelse\n  echo \"warning: SwiftLint not installed, download from https://github.com/realm/SwiftLint\"\nfi\n";
		};
/* End PBXShellScriptBuildPhase section */

/* Begin PBXSourcesBuildPhase section */
		B0E4D68A2A5266D000788200 /* Sources */ = {
			isa = PBXSourcesBuildPhase;
			buildActionMask = 2147483647;
			files = (
				681557E62A77F03800625801 /* EnterInfo1View.swift in Sources */,
				B00125772A677B2E00439760 /* ExchangeView.swift in Sources */,
				682109A82A792111002CABE7 /* CardDesignView.swift in Sources */,
				970AFC842A723D240041A948 /* CardDetailViewModel.swift in Sources */,
				B09950F82A579DEB009AC534 /* Extension+Font.swift in Sources */,
				97C5EBED2A723A9D0005441A /* CardDetailView.swift in Sources */,
				681557E82A77FA5B00625801 /* EnterInfo2View.swift in Sources */,
				B09951582A5E377A009AC534 /* OnBoardTab.swift in Sources */,
				970AFC922A723E420041A948 /* MenuView.swift in Sources */,
				B0D9B3862A764E4C0032B8FF /* ToastModifier.swift in Sources */,
				B099510F2A57A8CA009AC534 /* DesignSystemAsset.swift in Sources */,
				1231DBBA2A5BE34B00473CA0 /* Extension+CGFloat.swift in Sources */,
				682C62C72A59AB7900137393 /* Profile+ProfileCardModel.swift in Sources */,
				68D92B152A765F7900121985 /* MainTabView.swift in Sources */,
				B09951562A5CF15E009AC534 /* Extension+String.swift in Sources */,
				681557EC2A78041D00625801 /* EnterDesignView.swift in Sources */,
				B09951372A5B9AFC009AC534 /* Extension+UIApplication.swift in Sources */,
				682109A42A78E4D2002CABE7 /* TapCollectionShape.swift in Sources */,
				97CA10AB2A7238E9006C6422 /* MyCards.swift in Sources */,
				B0D9B3822A764D7F0032B8FF /* Toast.swift in Sources */,
				97C5EBEF2A723AB00005441A /* CardDetailMyView.swift in Sources */,
				B09951322A5B9760009AC534 /* AppleSignInButton.swift in Sources */,
				B0D9B37D2A6F4FF80032B8FF /* ExchangeDataModel.swift in Sources */,
				B001257C2A677C3B00439760 /* ExchangeViewModel.swift in Sources */,
				B09951452A5BA8EF009AC534 /* PreferenceManager.swift in Sources */,
				B099515E2A5F7F84009AC534 /* LottieView.swift in Sources */,
				B099512A2A591BFD009AC534 /* AppDelegate.swift in Sources */,
				682109A62A78FE78002CABE7 /* CarouselDesignView.swift in Sources */,
				9BA1A2232A5B9123003B7556 /* Extension+View.swift in Sources */,
				681557EA2A77FC1700625801 /* SNSEnterView.swift in Sources */,
				B099512D2A592459009AC534 /* FireBaseDataBaseManager.swift in Sources */,
				B0D9B3842A764DB30032B8FF /* ToastView.swift in Sources */,
				68D92B1B2A766CB800121985 /* Tab.swift in Sources */,
				B0E4D6922A5266D000788200 /* MeDropApp.swift in Sources */,
				68D92B192A766C6600121985 /* TapClipperShape.swift in Sources */,
				B099514F2A5CE2B3009AC534 /* OnBoardViewModel.swift in Sources */,
				B09951422A5BA8AF009AC534 /* Extension+Color.swift in Sources */,
				681557E42A77EE3300625801 /* CreateCardView.swift in Sources */,
				B09951352A5B98B2009AC534 /* Utility.swift in Sources */,
				970AFC7F2A723B730041A948 /* CollectedCardsView.swift in Sources */,
				B09951392A5B9B4D009AC534 /* Extension+UIScreen.swift in Sources */,
				681557F02A78700500625801 /* CustomCarouselView.swift in Sources */,
				B09951402A5BA5BF009AC534 /* OnBoardView.swift in Sources */,
				B09951162A57BC7D009AC534 /* CardView.swift in Sources */,
				97CC87952A7912F30094075D /* CardViewModel.swift in Sources */,
				97CA10AD2A723949006C6422 /* CardStore.swift in Sources */,
				B099513D2A5BA428009AC534 /* MainView.swift in Sources */,
				B09951482A5CD706009AC534 /* MainViewModel.swift in Sources */,
				970AFC7A2A723ACE0041A948 /* CardDetailCollectedView.swift in Sources */,
				970AFC812A723B960041A948 /* Extension+CollectionView.swift in Sources */,
			);
			runOnlyForDeploymentPostprocessing = 0;
		};
/* End PBXSourcesBuildPhase section */

/* Begin XCBuildConfiguration section */
		B0E4D69A2A5266D100788200 /* Debug */ = {
			isa = XCBuildConfiguration;
			buildSettings = {
				ALWAYS_SEARCH_USER_PATHS = NO;
				CLANG_ANALYZER_NONNULL = YES;
				CLANG_ANALYZER_NUMBER_OBJECT_CONVERSION = YES_AGGRESSIVE;
				CLANG_CXX_LANGUAGE_STANDARD = "gnu++20";
				CLANG_ENABLE_MODULES = YES;
				CLANG_ENABLE_OBJC_ARC = YES;
				CLANG_ENABLE_OBJC_WEAK = YES;
				CLANG_WARN_BLOCK_CAPTURE_AUTORELEASING = YES;
				CLANG_WARN_BOOL_CONVERSION = YES;
				CLANG_WARN_COMMA = YES;
				CLANG_WARN_CONSTANT_CONVERSION = YES;
				CLANG_WARN_DEPRECATED_OBJC_IMPLEMENTATIONS = YES;
				CLANG_WARN_DIRECT_OBJC_ISA_USAGE = YES_ERROR;
				CLANG_WARN_DOCUMENTATION_COMMENTS = YES;
				CLANG_WARN_EMPTY_BODY = YES;
				CLANG_WARN_ENUM_CONVERSION = YES;
				CLANG_WARN_INFINITE_RECURSION = YES;
				CLANG_WARN_INT_CONVERSION = YES;
				CLANG_WARN_NON_LITERAL_NULL_CONVERSION = YES;
				CLANG_WARN_OBJC_IMPLICIT_RETAIN_SELF = YES;
				CLANG_WARN_OBJC_LITERAL_CONVERSION = YES;
				CLANG_WARN_OBJC_ROOT_CLASS = YES_ERROR;
				CLANG_WARN_QUOTED_INCLUDE_IN_FRAMEWORK_HEADER = YES;
				CLANG_WARN_RANGE_LOOP_ANALYSIS = YES;
				CLANG_WARN_STRICT_PROTOTYPES = YES;
				CLANG_WARN_SUSPICIOUS_MOVE = YES;
				CLANG_WARN_UNGUARDED_AVAILABILITY = YES_AGGRESSIVE;
				CLANG_WARN_UNREACHABLE_CODE = YES;
				CLANG_WARN__DUPLICATE_METHOD_MATCH = YES;
				COPY_PHASE_STRIP = NO;
				DEBUG_INFORMATION_FORMAT = dwarf;
				ENABLE_STRICT_OBJC_MSGSEND = YES;
				ENABLE_TESTABILITY = YES;
				GCC_C_LANGUAGE_STANDARD = gnu11;
				GCC_DYNAMIC_NO_PIC = NO;
				GCC_NO_COMMON_BLOCKS = YES;
				GCC_OPTIMIZATION_LEVEL = 0;
				GCC_PREPROCESSOR_DEFINITIONS = (
					"DEBUG=1",
					"$(inherited)",
				);
				GCC_WARN_64_TO_32_BIT_CONVERSION = YES;
				GCC_WARN_ABOUT_RETURN_TYPE = YES_ERROR;
				GCC_WARN_UNDECLARED_SELECTOR = YES;
				GCC_WARN_UNINITIALIZED_AUTOS = YES_AGGRESSIVE;
				GCC_WARN_UNUSED_FUNCTION = YES;
				GCC_WARN_UNUSED_VARIABLE = YES;
				IPHONEOS_DEPLOYMENT_TARGET = 16.0;
				MTL_ENABLE_DEBUG_INFO = INCLUDE_SOURCE;
				MTL_FAST_MATH = YES;
				ONLY_ACTIVE_ARCH = YES;
				SDKROOT = iphoneos;
				SWIFT_ACTIVE_COMPILATION_CONDITIONS = DEBUG;
				SWIFT_OPTIMIZATION_LEVEL = "-Onone";
			};
			name = Debug;
		};
		B0E4D69B2A5266D100788200 /* Release */ = {
			isa = XCBuildConfiguration;
			buildSettings = {
				ALWAYS_SEARCH_USER_PATHS = NO;
				CLANG_ANALYZER_NONNULL = YES;
				CLANG_ANALYZER_NUMBER_OBJECT_CONVERSION = YES_AGGRESSIVE;
				CLANG_CXX_LANGUAGE_STANDARD = "gnu++20";
				CLANG_ENABLE_MODULES = YES;
				CLANG_ENABLE_OBJC_ARC = YES;
				CLANG_ENABLE_OBJC_WEAK = YES;
				CLANG_WARN_BLOCK_CAPTURE_AUTORELEASING = YES;
				CLANG_WARN_BOOL_CONVERSION = YES;
				CLANG_WARN_COMMA = YES;
				CLANG_WARN_CONSTANT_CONVERSION = YES;
				CLANG_WARN_DEPRECATED_OBJC_IMPLEMENTATIONS = YES;
				CLANG_WARN_DIRECT_OBJC_ISA_USAGE = YES_ERROR;
				CLANG_WARN_DOCUMENTATION_COMMENTS = YES;
				CLANG_WARN_EMPTY_BODY = YES;
				CLANG_WARN_ENUM_CONVERSION = YES;
				CLANG_WARN_INFINITE_RECURSION = YES;
				CLANG_WARN_INT_CONVERSION = YES;
				CLANG_WARN_NON_LITERAL_NULL_CONVERSION = YES;
				CLANG_WARN_OBJC_IMPLICIT_RETAIN_SELF = YES;
				CLANG_WARN_OBJC_LITERAL_CONVERSION = YES;
				CLANG_WARN_OBJC_ROOT_CLASS = YES_ERROR;
				CLANG_WARN_QUOTED_INCLUDE_IN_FRAMEWORK_HEADER = YES;
				CLANG_WARN_RANGE_LOOP_ANALYSIS = YES;
				CLANG_WARN_STRICT_PROTOTYPES = YES;
				CLANG_WARN_SUSPICIOUS_MOVE = YES;
				CLANG_WARN_UNGUARDED_AVAILABILITY = YES_AGGRESSIVE;
				CLANG_WARN_UNREACHABLE_CODE = YES;
				CLANG_WARN__DUPLICATE_METHOD_MATCH = YES;
				COPY_PHASE_STRIP = NO;
				DEBUG_INFORMATION_FORMAT = "dwarf-with-dsym";
				ENABLE_NS_ASSERTIONS = NO;
				ENABLE_STRICT_OBJC_MSGSEND = YES;
				GCC_C_LANGUAGE_STANDARD = gnu11;
				GCC_NO_COMMON_BLOCKS = YES;
				GCC_WARN_64_TO_32_BIT_CONVERSION = YES;
				GCC_WARN_ABOUT_RETURN_TYPE = YES_ERROR;
				GCC_WARN_UNDECLARED_SELECTOR = YES;
				GCC_WARN_UNINITIALIZED_AUTOS = YES_AGGRESSIVE;
				GCC_WARN_UNUSED_FUNCTION = YES;
				GCC_WARN_UNUSED_VARIABLE = YES;
				IPHONEOS_DEPLOYMENT_TARGET = 16.0;
				MTL_ENABLE_DEBUG_INFO = NO;
				MTL_FAST_MATH = YES;
				SDKROOT = iphoneos;
				SWIFT_COMPILATION_MODE = wholemodule;
				SWIFT_OPTIMIZATION_LEVEL = "-O";
				VALIDATE_PRODUCT = YES;
			};
			name = Release;
		};
		B0E4D69D2A5266D100788200 /* Debug */ = {
			isa = XCBuildConfiguration;
			buildSettings = {
				ASSETCATALOG_COMPILER_APPICON_NAME = AppIcon;
				ASSETCATALOG_COMPILER_GLOBAL_ACCENT_COLOR_NAME = AccentColor;
				CODE_SIGN_ENTITLEMENTS = MeDrop/MeDrop.entitlements;
				CODE_SIGN_STYLE = Automatic;
				CURRENT_PROJECT_VERSION = 1;
				DEVELOPMENT_ASSET_PATHS = "\"MeDrop/Preview Content\"";
				DEVELOPMENT_TEAM = 28NL63HBTJ;
				ENABLE_PREVIEWS = YES;
				GENERATE_INFOPLIST_FILE = YES;
				INFOPLIST_FILE = MeDrop/Info.plist;
				INFOPLIST_KEY_UIApplicationSceneManifest_Generation = YES;
				INFOPLIST_KEY_UIApplicationSupportsIndirectInputEvents = YES;
				INFOPLIST_KEY_UILaunchScreen_Generation = YES;
				INFOPLIST_KEY_UISupportedInterfaceOrientations_iPad = "UIInterfaceOrientationPortrait UIInterfaceOrientationPortraitUpsideDown UIInterfaceOrientationLandscapeLeft UIInterfaceOrientationLandscapeRight";
				INFOPLIST_KEY_UISupportedInterfaceOrientations_iPhone = "UIInterfaceOrientationPortrait UIInterfaceOrientationLandscapeLeft UIInterfaceOrientationLandscapeRight";
				LD_RUNPATH_SEARCH_PATHS = (
					"$(inherited)",
					"@executable_path/Frameworks",
				);
				MARKETING_VERSION = 1.0;
				PRODUCT_BUNDLE_IDENTIFIER = com.DP.MeDrop;
				PRODUCT_NAME = "$(TARGET_NAME)";
				SUPPORTED_PLATFORMS = "iphoneos iphonesimulator";
				SUPPORTS_MACCATALYST = NO;
				SUPPORTS_MAC_DESIGNED_FOR_IPHONE_IPAD = NO;
				SWIFT_EMIT_LOC_STRINGS = YES;
				SWIFT_VERSION = 5.0;
				TARGETED_DEVICE_FAMILY = 1;
			};
			name = Debug;
		};
		B0E4D69E2A5266D100788200 /* Release */ = {
			isa = XCBuildConfiguration;
			buildSettings = {
				ASSETCATALOG_COMPILER_APPICON_NAME = AppIcon;
				ASSETCATALOG_COMPILER_GLOBAL_ACCENT_COLOR_NAME = AccentColor;
				CODE_SIGN_ENTITLEMENTS = MeDrop/MeDrop.entitlements;
				CODE_SIGN_STYLE = Automatic;
				CURRENT_PROJECT_VERSION = 1;
				DEVELOPMENT_ASSET_PATHS = "\"MeDrop/Preview Content\"";
				DEVELOPMENT_TEAM = 28NL63HBTJ;
				ENABLE_PREVIEWS = YES;
				GENERATE_INFOPLIST_FILE = YES;
				INFOPLIST_FILE = MeDrop/Info.plist;
				INFOPLIST_KEY_UIApplicationSceneManifest_Generation = YES;
				INFOPLIST_KEY_UIApplicationSupportsIndirectInputEvents = YES;
				INFOPLIST_KEY_UILaunchScreen_Generation = YES;
				INFOPLIST_KEY_UISupportedInterfaceOrientations_iPad = "UIInterfaceOrientationPortrait UIInterfaceOrientationPortraitUpsideDown UIInterfaceOrientationLandscapeLeft UIInterfaceOrientationLandscapeRight";
				INFOPLIST_KEY_UISupportedInterfaceOrientations_iPhone = "UIInterfaceOrientationPortrait UIInterfaceOrientationLandscapeLeft UIInterfaceOrientationLandscapeRight";
				LD_RUNPATH_SEARCH_PATHS = (
					"$(inherited)",
					"@executable_path/Frameworks",
				);
				MARKETING_VERSION = 1.0;
				PRODUCT_BUNDLE_IDENTIFIER = com.DP.MeDrop;
				PRODUCT_NAME = "$(TARGET_NAME)";
				SUPPORTED_PLATFORMS = "iphoneos iphonesimulator";
				SUPPORTS_MACCATALYST = NO;
				SUPPORTS_MAC_DESIGNED_FOR_IPHONE_IPAD = NO;
				SWIFT_EMIT_LOC_STRINGS = YES;
				SWIFT_VERSION = 5.0;
				TARGETED_DEVICE_FAMILY = 1;
			};
			name = Release;
		};
/* End XCBuildConfiguration section */

/* Begin XCConfigurationList section */
		B0E4D6892A5266D000788200 /* Build configuration list for PBXProject "MeDrop" */ = {
			isa = XCConfigurationList;
			buildConfigurations = (
				B0E4D69A2A5266D100788200 /* Debug */,
				B0E4D69B2A5266D100788200 /* Release */,
			);
			defaultConfigurationIsVisible = 0;
			defaultConfigurationName = Release;
		};
		B0E4D69C2A5266D100788200 /* Build configuration list for PBXNativeTarget "MeDrop" */ = {
			isa = XCConfigurationList;
			buildConfigurations = (
				B0E4D69D2A5266D100788200 /* Debug */,
				B0E4D69E2A5266D100788200 /* Release */,
			);
			defaultConfigurationIsVisible = 0;
			defaultConfigurationName = Release;
		};
/* End XCConfigurationList section */

/* Begin XCRemoteSwiftPackageReference section */
		B09951242A5914D1009AC534 /* XCRemoteSwiftPackageReference "firebase-ios-sdk" */ = {
			isa = XCRemoteSwiftPackageReference;
			repositoryURL = "https://github.com/firebase/firebase-ios-sdk";
			requirement = {
				kind = upToNextMajorVersion;
				minimumVersion = 9.0.0;
			};
		};
		B09951592A5F7E41009AC534 /* XCRemoteSwiftPackageReference "lottie-ios" */ = {
			isa = XCRemoteSwiftPackageReference;
			repositoryURL = "https://github.com/airbnb/lottie-ios.git";
			requirement = {
				kind = upToNextMajorVersion;
				minimumVersion = 4.0.0;
			};
		};
/* End XCRemoteSwiftPackageReference section */

/* Begin XCSwiftPackageProductDependency section */
		B09951252A5914D1009AC534 /* FirebaseAnalytics */ = {
			isa = XCSwiftPackageProductDependency;
			package = B09951242A5914D1009AC534 /* XCRemoteSwiftPackageReference "firebase-ios-sdk" */;
			productName = FirebaseAnalytics;
		};
		B09951272A5914D1009AC534 /* FirebaseDatabase */ = {
			isa = XCSwiftPackageProductDependency;
			package = B09951242A5914D1009AC534 /* XCRemoteSwiftPackageReference "firebase-ios-sdk" */;
			productName = FirebaseDatabase;
		};
		B099515A2A5F7E41009AC534 /* Lottie */ = {
			isa = XCSwiftPackageProductDependency;
			package = B09951592A5F7E41009AC534 /* XCRemoteSwiftPackageReference "lottie-ios" */;
			productName = Lottie;
		};
/* End XCSwiftPackageProductDependency section */
	};
	rootObject = B0E4D6862A5266D000788200 /* Project object */;
}
