// !$*UTF8*$!
{
	archiveVersion = 1;
	classes = {
	};
	objectVersion = 56;
	objects = {

/* Begin PBXBuildFile section */
		682C62C12A59A61000137393 /* CreateInfoView.swift in Sources */ = {isa = PBXBuildFile; fileRef = 682C62C02A59A61000137393 /* CreateInfoView.swift */; };
		682C62C32A59A61800137393 /* SelectColorView.swift in Sources */ = {isa = PBXBuildFile; fileRef = 682C62C22A59A61800137393 /* SelectColorView.swift */; };
		682C62C52A59A65C00137393 /* CreationMainDummyView.swift in Sources */ = {isa = PBXBuildFile; fileRef = 682C62C42A59A65C00137393 /* CreationMainDummyView.swift */; };
		682C62C72A59AB7900137393 /* Profile+ProfileCardModel.swift in Sources */ = {isa = PBXBuildFile; fileRef = 682C62C62A59AB7900137393 /* Profile+ProfileCardModel.swift */; };
		9BA1A2232A5B9123003B7556 /* Extension+View.swift in Sources */ = {isa = PBXBuildFile; fileRef = 9BA1A2222A5B9123003B7556 /* Extension+View.swift */; };
		9BA1A2252A5B91C0003B7556 /* ProfileDetailView.swift in Sources */ = {isa = PBXBuildFile; fileRef = 9BA1A2242A5B91C0003B7556 /* ProfileDetailView.swift */; };
		B03DF2A72A52735400FFA6C7 /* .swiftlint.yml in Resources */ = {isa = PBXBuildFile; fileRef = B03DF2A62A52735400FFA6C7 /* .swiftlint.yml */; };
		B09950F82A579DEB009AC534 /* Extension+Font.swift in Sources */ = {isa = PBXBuildFile; fileRef = B09950F72A579DEB009AC534 /* Extension+Font.swift */; };
		B09951032A57A412009AC534 /* SF-Pro-Text-Medium.otf in Resources */ = {isa = PBXBuildFile; fileRef = B09950FA2A57A411009AC534 /* SF-Pro-Text-Medium.otf */; };
		B09951042A57A412009AC534 /* SF-Pro-Text-Light.otf in Resources */ = {isa = PBXBuildFile; fileRef = B09950FB2A57A411009AC534 /* SF-Pro-Text-Light.otf */; };
		B09951052A57A412009AC534 /* SF-Pro-Text-Ultralight.otf in Resources */ = {isa = PBXBuildFile; fileRef = B09950FC2A57A411009AC534 /* SF-Pro-Text-Ultralight.otf */; };
		B09951062A57A412009AC534 /* SF-Pro-Text-Regular.otf in Resources */ = {isa = PBXBuildFile; fileRef = B09950FD2A57A411009AC534 /* SF-Pro-Text-Regular.otf */; };
		B09951072A57A412009AC534 /* SF-Pro-Text-Thin.otf in Resources */ = {isa = PBXBuildFile; fileRef = B09950FE2A57A411009AC534 /* SF-Pro-Text-Thin.otf */; };
		B09951082A57A412009AC534 /* SF-Pro-Text-Black.otf in Resources */ = {isa = PBXBuildFile; fileRef = B09950FF2A57A411009AC534 /* SF-Pro-Text-Black.otf */; };
		B09951092A57A412009AC534 /* SF-Pro-Text-Heavy.otf in Resources */ = {isa = PBXBuildFile; fileRef = B09951002A57A411009AC534 /* SF-Pro-Text-Heavy.otf */; };
		B099510A2A57A412009AC534 /* SF-Pro-Text-Bold.otf in Resources */ = {isa = PBXBuildFile; fileRef = B09951012A57A411009AC534 /* SF-Pro-Text-Bold.otf */; };
		B099510B2A57A412009AC534 /* SF-Pro-Text-Semibold.otf in Resources */ = {isa = PBXBuildFile; fileRef = B09951022A57A411009AC534 /* SF-Pro-Text-Semibold.otf */; };
		B099510F2A57A8CA009AC534 /* DesignSystemAsset.swift in Sources */ = {isa = PBXBuildFile; fileRef = B099510E2A57A8CA009AC534 /* DesignSystemAsset.swift */; };
		B09951162A57BC7D009AC534 /* CardView.swift in Sources */ = {isa = PBXBuildFile; fileRef = B09951152A57BC7D009AC534 /* CardView.swift */; };
		B099511A2A57BC92009AC534 /* ProfileViewModel.swift in Sources */ = {isa = PBXBuildFile; fileRef = B09951192A57BC92009AC534 /* ProfileViewModel.swift */; };
		B09951232A5838DF009AC534 /* GoogleService-Info.plist in Resources */ = {isa = PBXBuildFile; fileRef = B09951222A5838DF009AC534 /* GoogleService-Info.plist */; };
		B09951262A5914D1009AC534 /* FirebaseAnalytics in Frameworks */ = {isa = PBXBuildFile; productRef = B09951252A5914D1009AC534 /* FirebaseAnalytics */; };
		B09951282A5914D1009AC534 /* FirebaseDatabase in Frameworks */ = {isa = PBXBuildFile; productRef = B09951272A5914D1009AC534 /* FirebaseDatabase */; };
		B099512A2A591BFD009AC534 /* AppDelegate.swift in Sources */ = {isa = PBXBuildFile; fileRef = B09951292A591BFD009AC534 /* AppDelegate.swift */; };
		B099512D2A592459009AC534 /* FireBaseDataBaseManager.swift in Sources */ = {isa = PBXBuildFile; fileRef = B099512C2A592459009AC534 /* FireBaseDataBaseManager.swift */; };
		B09951322A5B9760009AC534 /* AppleSignInButton.swift in Sources */ = {isa = PBXBuildFile; fileRef = B09951312A5B9760009AC534 /* AppleSignInButton.swift */; };
		B09951352A5B98B2009AC534 /* Utility.swift in Sources */ = {isa = PBXBuildFile; fileRef = B09951342A5B98B2009AC534 /* Utility.swift */; };
		B09951372A5B9AFC009AC534 /* Extension+UIApplication.swift in Sources */ = {isa = PBXBuildFile; fileRef = B09951362A5B9AFC009AC534 /* Extension+UIApplication.swift */; };
		B09951392A5B9B4D009AC534 /* Extension+UIScreen.swift in Sources */ = {isa = PBXBuildFile; fileRef = B09951382A5B9B4D009AC534 /* Extension+UIScreen.swift */; };
		B099513D2A5BA428009AC534 /* MainView.swift in Sources */ = {isa = PBXBuildFile; fileRef = B099513C2A5BA428009AC534 /* MainView.swift */; };
		B09951402A5BA5BF009AC534 /* OnBoardView.swift in Sources */ = {isa = PBXBuildFile; fileRef = B099513F2A5BA5BF009AC534 /* OnBoardView.swift */; };
		B09951422A5BA8AF009AC534 /* Extension+Color.swift in Sources */ = {isa = PBXBuildFile; fileRef = B09951412A5BA8AF009AC534 /* Extension+Color.swift */; };
		B09951452A5BA8EF009AC534 /* PreferenceManager.swift in Sources */ = {isa = PBXBuildFile; fileRef = B09951442A5BA8EF009AC534 /* PreferenceManager.swift */; };
		B09951482A5CD706009AC534 /* MainViewModel.swift in Sources */ = {isa = PBXBuildFile; fileRef = B09951472A5CD706009AC534 /* MainViewModel.swift */; };
		B099514C2A5CDC08009AC534 /* SplashView.swift in Sources */ = {isa = PBXBuildFile; fileRef = B099514B2A5CDC08009AC534 /* SplashView.swift */; };
		B099514F2A5CE2B3009AC534 /* OnBoardViewModel.swift in Sources */ = {isa = PBXBuildFile; fileRef = B099514E2A5CE2B3009AC534 /* OnBoardViewModel.swift */; };
		B09951562A5CF15E009AC534 /* Extension+String.swift in Sources */ = {isa = PBXBuildFile; fileRef = B09951552A5CF15E009AC534 /* Extension+String.swift */; };
		B09951582A5E377A009AC534 /* OnBoardTab.swift in Sources */ = {isa = PBXBuildFile; fileRef = B09951572A5E377A009AC534 /* OnBoardTab.swift */; };
		B0E4D6922A5266D000788200 /* MeDropApp.swift in Sources */ = {isa = PBXBuildFile; fileRef = B0E4D6912A5266D000788200 /* MeDropApp.swift */; };
		B0E4D6942A5266D000788200 /* ContentView.swift in Sources */ = {isa = PBXBuildFile; fileRef = B0E4D6932A5266D000788200 /* ContentView.swift */; };
		B0E4D6962A5266D100788200 /* Assets.xcassets in Resources */ = {isa = PBXBuildFile; fileRef = B0E4D6952A5266D100788200 /* Assets.xcassets */; };
		B0E4D6992A5266D100788200 /* Preview Assets.xcassets in Resources */ = {isa = PBXBuildFile; fileRef = B0E4D6982A5266D100788200 /* Preview Assets.xcassets */; };
/* End PBXBuildFile section */

/* Begin PBXFileReference section */
		682C62C02A59A61000137393 /* CreateInfoView.swift */ = {isa = PBXFileReference; lastKnownFileType = sourcecode.swift; path = CreateInfoView.swift; sourceTree = "<group>"; };
		682C62C22A59A61800137393 /* SelectColorView.swift */ = {isa = PBXFileReference; lastKnownFileType = sourcecode.swift; path = SelectColorView.swift; sourceTree = "<group>"; };
		682C62C42A59A65C00137393 /* CreationMainDummyView.swift */ = {isa = PBXFileReference; lastKnownFileType = sourcecode.swift; path = CreationMainDummyView.swift; sourceTree = "<group>"; };
		682C62C62A59AB7900137393 /* Profile+ProfileCardModel.swift */ = {isa = PBXFileReference; lastKnownFileType = sourcecode.swift; path = "Profile+ProfileCardModel.swift"; sourceTree = "<group>"; };
		9BA1A2222A5B9123003B7556 /* Extension+View.swift */ = {isa = PBXFileReference; lastKnownFileType = sourcecode.swift; path = "Extension+View.swift"; sourceTree = "<group>"; };
		9BA1A2242A5B91C0003B7556 /* ProfileDetailView.swift */ = {isa = PBXFileReference; lastKnownFileType = sourcecode.swift; path = ProfileDetailView.swift; sourceTree = "<group>"; };
		B03DF2A62A52735400FFA6C7 /* .swiftlint.yml */ = {isa = PBXFileReference; lastKnownFileType = text.yaml; path = .swiftlint.yml; sourceTree = "<group>"; };
		B09950F72A579DEB009AC534 /* Extension+Font.swift */ = {isa = PBXFileReference; lastKnownFileType = sourcecode.swift; path = "Extension+Font.swift"; sourceTree = "<group>"; };
		B09950FA2A57A411009AC534 /* SF-Pro-Text-Medium.otf */ = {isa = PBXFileReference; lastKnownFileType = file; path = "SF-Pro-Text-Medium.otf"; sourceTree = "<group>"; };
		B09950FB2A57A411009AC534 /* SF-Pro-Text-Light.otf */ = {isa = PBXFileReference; lastKnownFileType = file; path = "SF-Pro-Text-Light.otf"; sourceTree = "<group>"; };
		B09950FC2A57A411009AC534 /* SF-Pro-Text-Ultralight.otf */ = {isa = PBXFileReference; lastKnownFileType = file; path = "SF-Pro-Text-Ultralight.otf"; sourceTree = "<group>"; };
		B09950FD2A57A411009AC534 /* SF-Pro-Text-Regular.otf */ = {isa = PBXFileReference; lastKnownFileType = file; path = "SF-Pro-Text-Regular.otf"; sourceTree = "<group>"; };
		B09950FE2A57A411009AC534 /* SF-Pro-Text-Thin.otf */ = {isa = PBXFileReference; lastKnownFileType = file; path = "SF-Pro-Text-Thin.otf"; sourceTree = "<group>"; };
		B09950FF2A57A411009AC534 /* SF-Pro-Text-Black.otf */ = {isa = PBXFileReference; lastKnownFileType = file; path = "SF-Pro-Text-Black.otf"; sourceTree = "<group>"; };
		B09951002A57A411009AC534 /* SF-Pro-Text-Heavy.otf */ = {isa = PBXFileReference; lastKnownFileType = file; path = "SF-Pro-Text-Heavy.otf"; sourceTree = "<group>"; };
		B09951012A57A411009AC534 /* SF-Pro-Text-Bold.otf */ = {isa = PBXFileReference; lastKnownFileType = file; path = "SF-Pro-Text-Bold.otf"; sourceTree = "<group>"; };
		B09951022A57A411009AC534 /* SF-Pro-Text-Semibold.otf */ = {isa = PBXFileReference; lastKnownFileType = file; path = "SF-Pro-Text-Semibold.otf"; sourceTree = "<group>"; };
		B099510C2A57A437009AC534 /* Info.plist */ = {isa = PBXFileReference; lastKnownFileType = text.plist.xml; path = Info.plist; sourceTree = "<group>"; };
		B099510E2A57A8CA009AC534 /* DesignSystemAsset.swift */ = {isa = PBXFileReference; lastKnownFileType = sourcecode.swift; path = DesignSystemAsset.swift; sourceTree = "<group>"; };
		B09951152A57BC7D009AC534 /* CardView.swift */ = {isa = PBXFileReference; lastKnownFileType = sourcecode.swift; path = CardView.swift; sourceTree = "<group>"; };
		B09951192A57BC92009AC534 /* ProfileViewModel.swift */ = {isa = PBXFileReference; lastKnownFileType = sourcecode.swift; path = ProfileViewModel.swift; sourceTree = "<group>"; };
		B09951222A5838DF009AC534 /* GoogleService-Info.plist */ = {isa = PBXFileReference; fileEncoding = 4; lastKnownFileType = text.plist.xml; path = "GoogleService-Info.plist"; sourceTree = "<group>"; };
		B09951292A591BFD009AC534 /* AppDelegate.swift */ = {isa = PBXFileReference; lastKnownFileType = sourcecode.swift; path = AppDelegate.swift; sourceTree = "<group>"; };
		B099512C2A592459009AC534 /* FireBaseDataBaseManager.swift */ = {isa = PBXFileReference; lastKnownFileType = sourcecode.swift; path = FireBaseDataBaseManager.swift; sourceTree = "<group>"; };
		B099512F2A5B9452009AC534 /* MeDrop.entitlements */ = {isa = PBXFileReference; lastKnownFileType = text.plist.entitlements; path = MeDrop.entitlements; sourceTree = "<group>"; };
		B09951312A5B9760009AC534 /* AppleSignInButton.swift */ = {isa = PBXFileReference; lastKnownFileType = sourcecode.swift; path = AppleSignInButton.swift; sourceTree = "<group>"; };
		B09951342A5B98B2009AC534 /* Utility.swift */ = {isa = PBXFileReference; lastKnownFileType = sourcecode.swift; path = Utility.swift; sourceTree = "<group>"; };
		B09951362A5B9AFC009AC534 /* Extension+UIApplication.swift */ = {isa = PBXFileReference; lastKnownFileType = sourcecode.swift; path = "Extension+UIApplication.swift"; sourceTree = "<group>"; };
		B09951382A5B9B4D009AC534 /* Extension+UIScreen.swift */ = {isa = PBXFileReference; lastKnownFileType = sourcecode.swift; path = "Extension+UIScreen.swift"; sourceTree = "<group>"; };
		B099513C2A5BA428009AC534 /* MainView.swift */ = {isa = PBXFileReference; lastKnownFileType = sourcecode.swift; path = MainView.swift; sourceTree = "<group>"; };
		B099513F2A5BA5BF009AC534 /* OnBoardView.swift */ = {isa = PBXFileReference; lastKnownFileType = sourcecode.swift; path = OnBoardView.swift; sourceTree = "<group>"; };
		B09951412A5BA8AF009AC534 /* Extension+Color.swift */ = {isa = PBXFileReference; lastKnownFileType = sourcecode.swift; path = "Extension+Color.swift"; sourceTree = "<group>"; };
		B09951442A5BA8EF009AC534 /* PreferenceManager.swift */ = {isa = PBXFileReference; lastKnownFileType = sourcecode.swift; path = PreferenceManager.swift; sourceTree = "<group>"; };
		B09951472A5CD706009AC534 /* MainViewModel.swift */ = {isa = PBXFileReference; lastKnownFileType = sourcecode.swift; path = MainViewModel.swift; sourceTree = "<group>"; };
		B099514B2A5CDC08009AC534 /* SplashView.swift */ = {isa = PBXFileReference; lastKnownFileType = sourcecode.swift; path = SplashView.swift; sourceTree = "<group>"; };
		B099514E2A5CE2B3009AC534 /* OnBoardViewModel.swift */ = {isa = PBXFileReference; lastKnownFileType = sourcecode.swift; path = OnBoardViewModel.swift; sourceTree = "<group>"; };
		B09951552A5CF15E009AC534 /* Extension+String.swift */ = {isa = PBXFileReference; lastKnownFileType = sourcecode.swift; path = "Extension+String.swift"; sourceTree = "<group>"; };
		B09951572A5E377A009AC534 /* OnBoardTab.swift */ = {isa = PBXFileReference; lastKnownFileType = sourcecode.swift; path = OnBoardTab.swift; sourceTree = "<group>"; };
		B0E4D68E2A5266D000788200 /* MeDrop.app */ = {isa = PBXFileReference; explicitFileType = wrapper.application; includeInIndex = 0; path = MeDrop.app; sourceTree = BUILT_PRODUCTS_DIR; };
		B0E4D6912A5266D000788200 /* MeDropApp.swift */ = {isa = PBXFileReference; lastKnownFileType = sourcecode.swift; path = MeDropApp.swift; sourceTree = "<group>"; };
		B0E4D6932A5266D000788200 /* ContentView.swift */ = {isa = PBXFileReference; lastKnownFileType = sourcecode.swift; path = ContentView.swift; sourceTree = "<group>"; };
		B0E4D6952A5266D100788200 /* Assets.xcassets */ = {isa = PBXFileReference; lastKnownFileType = folder.assetcatalog; path = Assets.xcassets; sourceTree = "<group>"; };
		B0E4D6982A5266D100788200 /* Preview Assets.xcassets */ = {isa = PBXFileReference; lastKnownFileType = folder.assetcatalog; path = "Preview Assets.xcassets"; sourceTree = "<group>"; };
/* End PBXFileReference section */

/* Begin PBXFrameworksBuildPhase section */
		B0E4D68B2A5266D000788200 /* Frameworks */ = {
			isa = PBXFrameworksBuildPhase;
			buildActionMask = 2147483647;
			files = (
				B09951282A5914D1009AC534 /* FirebaseDatabase in Frameworks */,
				B09951262A5914D1009AC534 /* FirebaseAnalytics in Frameworks */,
			);
			runOnlyForDeploymentPostprocessing = 0;
		};
/* End PBXFrameworksBuildPhase section */

/* Begin PBXGroup section */
		682C62BD2A59A57F00137393 /* Creation */ = {
			isa = PBXGroup;
			children = (
				682C62BF2A59A5AB00137393 /* ViewModel */,
				682C62BE2A59A5A700137393 /* View */,
			);
			path = Creation;
			sourceTree = "<group>";
		};
		682C62BE2A59A5A700137393 /* View */ = {
			isa = PBXGroup;
			children = (
				682C62C02A59A61000137393 /* CreateInfoView.swift */,
				682C62C22A59A61800137393 /* SelectColorView.swift */,
				682C62C42A59A65C00137393 /* CreationMainDummyView.swift */,
			);
			path = View;
			sourceTree = "<group>";
		};
		682C62BF2A59A5AB00137393 /* ViewModel */ = {
			isa = PBXGroup;
			children = (
			);
			path = ViewModel;
			sourceTree = "<group>";
		};
		B09950F32A579D88009AC534 /* Resources */ = {
			isa = PBXGroup;
			children = (
				B099510D2A57A8A0009AC534 /* DesignSystem */,
				B09950F92A57A0EC009AC534 /* Fonts */,
				B0E4D6952A5266D100788200 /* Assets.xcassets */,
			);
			path = Resources;
			sourceTree = "<group>";
		};
		B09950F42A579D9D009AC534 /* Sources */ = {
			isa = PBXGroup;
			children = (
				B09951492A5CDBA5009AC534 /* Splash */,
				682C62BD2A59A57F00137393 /* Creation */,
				B099513A2A5BA40B009AC534 /* Main */,
				B099512E2A597BAB009AC534 /* OnBoard */,
				B099511F2A57BD25009AC534 /* Model */,
				B09951132A57BC51009AC534 /* Components */,
				B09951102A57BC2A009AC534 /* ProfileDetail */,
				B09950F52A579DBC009AC534 /* Util */,
				B0E4D6932A5266D000788200 /* ContentView.swift */,
				B0E4D6912A5266D000788200 /* MeDropApp.swift */,
				B09951292A591BFD009AC534 /* AppDelegate.swift */,
			);
			path = Sources;
			sourceTree = "<group>";
		};
		B09950F52A579DBC009AC534 /* Util */ = {
			isa = PBXGroup;
			children = (
				B09951432A5BA8CF009AC534 /* Manager */,
				B09951332A5B9895009AC534 /* Utility */,
				B09950F62A579DCA009AC534 /* Extensions */,
			);
			path = Util;
			sourceTree = "<group>";
		};
		B09950F62A579DCA009AC534 /* Extensions */ = {
			isa = PBXGroup;
			children = (
				B09950F72A579DEB009AC534 /* Extension+Font.swift */,
				9BA1A2222A5B9123003B7556 /* Extension+View.swift */,
				B09951362A5B9AFC009AC534 /* Extension+UIApplication.swift */,
				B09951382A5B9B4D009AC534 /* Extension+UIScreen.swift */,
				B09951412A5BA8AF009AC534 /* Extension+Color.swift */,
				B09951552A5CF15E009AC534 /* Extension+String.swift */,
			);
			path = Extensions;
			sourceTree = "<group>";
		};
		B09950F92A57A0EC009AC534 /* Fonts */ = {
			isa = PBXGroup;
			children = (
				B09950FF2A57A411009AC534 /* SF-Pro-Text-Black.otf */,
				B09951012A57A411009AC534 /* SF-Pro-Text-Bold.otf */,
				B09951002A57A411009AC534 /* SF-Pro-Text-Heavy.otf */,
				B09950FB2A57A411009AC534 /* SF-Pro-Text-Light.otf */,
				B09950FA2A57A411009AC534 /* SF-Pro-Text-Medium.otf */,
				B09950FD2A57A411009AC534 /* SF-Pro-Text-Regular.otf */,
				B09951022A57A411009AC534 /* SF-Pro-Text-Semibold.otf */,
				B09950FE2A57A411009AC534 /* SF-Pro-Text-Thin.otf */,
				B09950FC2A57A411009AC534 /* SF-Pro-Text-Ultralight.otf */,
			);
			path = Fonts;
			sourceTree = "<group>";
		};
		B099510D2A57A8A0009AC534 /* DesignSystem */ = {
			isa = PBXGroup;
			children = (
				B099510E2A57A8CA009AC534 /* DesignSystemAsset.swift */,
			);
			path = DesignSystem;
			sourceTree = "<group>";
		};
		B09951102A57BC2A009AC534 /* ProfileDetail */ = {
			isa = PBXGroup;
			children = (
				B09951122A57BC38009AC534 /* ViewModel */,
				B09951112A57BC33009AC534 /* View */,
			);
			path = ProfileDetail;
			sourceTree = "<group>";
		};
		B09951112A57BC33009AC534 /* View */ = {
			isa = PBXGroup;
			children = (
				9BA1A2242A5B91C0003B7556 /* ProfileDetailView.swift */,
			);
			path = View;
			sourceTree = "<group>";
		};
		B09951122A57BC38009AC534 /* ViewModel */ = {
			isa = PBXGroup;
			children = (
				B09951192A57BC92009AC534 /* ProfileViewModel.swift */,
			);
			path = ViewModel;
			sourceTree = "<group>";
		};
		B09951132A57BC51009AC534 /* Components */ = {
			isa = PBXGroup;
			children = (
				B09951142A57BC5B009AC534 /* CardView */,
			);
			path = Components;
			sourceTree = "<group>";
		};
		B09951142A57BC5B009AC534 /* CardView */ = {
			isa = PBXGroup;
			children = (
				B09951152A57BC7D009AC534 /* CardView.swift */,
			);
			path = CardView;
			sourceTree = "<group>";
		};
		B099511F2A57BD25009AC534 /* Model */ = {
			isa = PBXGroup;
			children = (
				682C62C62A59AB7900137393 /* Profile+ProfileCardModel.swift */,
				B09951572A5E377A009AC534 /* OnBoardTab.swift */,
			);
			path = Model;
			sourceTree = "<group>";
		};
		B099512E2A597BAB009AC534 /* OnBoard */ = {
			isa = PBXGroup;
			children = (
				B099514D2A5CE2A8009AC534 /* ViewModel */,
				B099513E2A5BA5AC009AC534 /* View */,
			);
			path = OnBoard;
			sourceTree = "<group>";
		};
		B09951302A5B974C009AC534 /* AppleSignInButton */ = {
			isa = PBXGroup;
			children = (
				B09951312A5B9760009AC534 /* AppleSignInButton.swift */,
			);
			path = AppleSignInButton;
			sourceTree = "<group>";
		};
		B09951332A5B9895009AC534 /* Utility */ = {
			isa = PBXGroup;
			children = (
				B09951342A5B98B2009AC534 /* Utility.swift */,
			);
			path = Utility;
			sourceTree = "<group>";
		};
		B099513A2A5BA40B009AC534 /* Main */ = {
			isa = PBXGroup;
			children = (
				B09951462A5CD6FC009AC534 /* ViewModel */,
				B099513B2A5BA41C009AC534 /* View */,
			);
			path = Main;
			sourceTree = "<group>";
		};
		B099513B2A5BA41C009AC534 /* View */ = {
			isa = PBXGroup;
			children = (
				B099513C2A5BA428009AC534 /* MainView.swift */,
			);
			path = View;
			sourceTree = "<group>";
		};
		B099513E2A5BA5AC009AC534 /* View */ = {
			isa = PBXGroup;
			children = (
				B09951302A5B974C009AC534 /* AppleSignInButton */,
				B099513F2A5BA5BF009AC534 /* OnBoardView.swift */,
			);
			path = View;
			sourceTree = "<group>";
		};
		B09951432A5BA8CF009AC534 /* Manager */ = {
			isa = PBXGroup;
			children = (
				B099512C2A592459009AC534 /* FireBaseDataBaseManager.swift */,
				B09951442A5BA8EF009AC534 /* PreferenceManager.swift */,
			);
			path = Manager;
			sourceTree = "<group>";
		};
		B09951462A5CD6FC009AC534 /* ViewModel */ = {
			isa = PBXGroup;
			children = (
				B09951472A5CD706009AC534 /* MainViewModel.swift */,
			);
			path = ViewModel;
			sourceTree = "<group>";
		};
		B09951492A5CDBA5009AC534 /* Splash */ = {
			isa = PBXGroup;
			children = (
				B099514A2A5CDBFF009AC534 /* View */,
			);
			path = Splash;
			sourceTree = "<group>";
		};
		B099514A2A5CDBFF009AC534 /* View */ = {
			isa = PBXGroup;
			children = (
				B099514B2A5CDC08009AC534 /* SplashView.swift */,
			);
			path = View;
			sourceTree = "<group>";
		};
		B099514D2A5CE2A8009AC534 /* ViewModel */ = {
			isa = PBXGroup;
			children = (
				B099514E2A5CE2B3009AC534 /* OnBoardViewModel.swift */,
			);
			path = ViewModel;
			sourceTree = "<group>";
		};
		B0E4D6852A5266D000788200 = {
			isa = PBXGroup;
			children = (
				B09951222A5838DF009AC534 /* GoogleService-Info.plist */,
				B03DF2A62A52735400FFA6C7 /* .swiftlint.yml */,
				B0E4D6902A5266D000788200 /* MeDrop */,
				B0E4D68F2A5266D000788200 /* Products */,
			);
			sourceTree = "<group>";
		};
		B0E4D68F2A5266D000788200 /* Products */ = {
			isa = PBXGroup;
			children = (
				B0E4D68E2A5266D000788200 /* MeDrop.app */,
			);
			name = Products;
			sourceTree = "<group>";
		};
		B0E4D6902A5266D000788200 /* MeDrop */ = {
			isa = PBXGroup;
			children = (
				B099512F2A5B9452009AC534 /* MeDrop.entitlements */,
				B099510C2A57A437009AC534 /* Info.plist */,
				B09950F42A579D9D009AC534 /* Sources */,
				B09950F32A579D88009AC534 /* Resources */,
				B0E4D6972A5266D100788200 /* Preview Content */,
			);
			path = MeDrop;
			sourceTree = "<group>";
		};
		B0E4D6972A5266D100788200 /* Preview Content */ = {
			isa = PBXGroup;
			children = (
				B0E4D6982A5266D100788200 /* Preview Assets.xcassets */,
			);
			path = "Preview Content";
			sourceTree = "<group>";
		};
/* End PBXGroup section */

/* Begin PBXNativeTarget section */
		B0E4D68D2A5266D000788200 /* MeDrop */ = {
			isa = PBXNativeTarget;
			buildConfigurationList = B0E4D69C2A5266D100788200 /* Build configuration list for PBXNativeTarget "MeDrop" */;
			buildPhases = (
				B03DF2A52A52727800FFA6C7 /* SwiftLint Script */,
				B0E4D68A2A5266D000788200 /* Sources */,
				B0E4D68B2A5266D000788200 /* Frameworks */,
				B0E4D68C2A5266D000788200 /* Resources */,
			);
			buildRules = (
			);
			dependencies = (
			);
			name = MeDrop;
			packageProductDependencies = (
				B09951252A5914D1009AC534 /* FirebaseAnalytics */,
				B09951272A5914D1009AC534 /* FirebaseDatabase */,
			);
			productName = MeDrop;
			productReference = B0E4D68E2A5266D000788200 /* MeDrop.app */;
			productType = "com.apple.product-type.application";
		};
/* End PBXNativeTarget section */

/* Begin PBXProject section */
		B0E4D6862A5266D000788200 /* Project object */ = {
			isa = PBXProject;
			attributes = {
				BuildIndependentTargetsInParallel = 1;
				LastSwiftUpdateCheck = 1420;
				LastUpgradeCheck = 1420;
				TargetAttributes = {
					B0E4D68D2A5266D000788200 = {
						CreatedOnToolsVersion = 14.2;
					};
				};
			};
			buildConfigurationList = B0E4D6892A5266D000788200 /* Build configuration list for PBXProject "MeDrop" */;
			compatibilityVersion = "Xcode 14.0";
			developmentRegion = en;
			hasScannedForEncodings = 0;
			knownRegions = (
				en,
				Base,
			);
			mainGroup = B0E4D6852A5266D000788200;
			packageReferences = (
				B09951242A5914D1009AC534 /* XCRemoteSwiftPackageReference "firebase-ios-sdk" */,
			);
			productRefGroup = B0E4D68F2A5266D000788200 /* Products */;
			projectDirPath = "";
			projectRoot = "";
			targets = (
				B0E4D68D2A5266D000788200 /* MeDrop */,
			);
		};
/* End PBXProject section */

/* Begin PBXResourcesBuildPhase section */
		B0E4D68C2A5266D000788200 /* Resources */ = {
			isa = PBXResourcesBuildPhase;
			buildActionMask = 2147483647;
			files = (
				B09951232A5838DF009AC534 /* GoogleService-Info.plist in Resources */,
				B099510B2A57A412009AC534 /* SF-Pro-Text-Semibold.otf in Resources */,
				B09951032A57A412009AC534 /* SF-Pro-Text-Medium.otf in Resources */,
				B09951082A57A412009AC534 /* SF-Pro-Text-Black.otf in Resources */,
				B09951052A57A412009AC534 /* SF-Pro-Text-Ultralight.otf in Resources */,
				B03DF2A72A52735400FFA6C7 /* .swiftlint.yml in Resources */,
				B0E4D6992A5266D100788200 /* Preview Assets.xcassets in Resources */,
				B099510A2A57A412009AC534 /* SF-Pro-Text-Bold.otf in Resources */,
				B09951072A57A412009AC534 /* SF-Pro-Text-Thin.otf in Resources */,
				B0E4D6962A5266D100788200 /* Assets.xcassets in Resources */,
				B09951092A57A412009AC534 /* SF-Pro-Text-Heavy.otf in Resources */,
				B09951042A57A412009AC534 /* SF-Pro-Text-Light.otf in Resources */,
				B09951062A57A412009AC534 /* SF-Pro-Text-Regular.otf in Resources */,
			);
			runOnlyForDeploymentPostprocessing = 0;
		};
/* End PBXResourcesBuildPhase section */

/* Begin PBXShellScriptBuildPhase section */
		B03DF2A52A52727800FFA6C7 /* SwiftLint Script */ = {
			isa = PBXShellScriptBuildPhase;
			buildActionMask = 2147483647;
			files = (
			);
			inputFileListPaths = (
			);
			inputPaths = (
			);
			name = "SwiftLint Script";
			outputFileListPaths = (
			);
			outputPaths = (
			);
			runOnlyForDeploymentPostprocessing = 0;
			shellPath = /bin/sh;
			shellScript = "export PATH=\"$PATH:/opt/homebrew/bin\"\nif which swiftlint > /dev/null; then\n  swiftlint\nelse\n  echo \"warning: SwiftLint not installed, download from https://github.com/realm/SwiftLint\"\nfi\n";
		};
/* End PBXShellScriptBuildPhase section */

/* Begin PBXSourcesBuildPhase section */
		B0E4D68A2A5266D000788200 /* Sources */ = {
			isa = PBXSourcesBuildPhase;
			buildActionMask = 2147483647;
			files = (
				B09950F82A579DEB009AC534 /* Extension+Font.swift in Sources */,
				B09951582A5E377A009AC534 /* OnBoardTab.swift in Sources */,
				B099514C2A5CDC08009AC534 /* SplashView.swift in Sources */,
				B099510F2A57A8CA009AC534 /* DesignSystemAsset.swift in Sources */,
				682C62C32A59A61800137393 /* SelectColorView.swift in Sources */,
				682C62C72A59AB7900137393 /* Profile+ProfileCardModel.swift in Sources */,
				B09951562A5CF15E009AC534 /* Extension+String.swift in Sources */,
				B09951372A5B9AFC009AC534 /* Extension+UIApplication.swift in Sources */,
				B09951322A5B9760009AC534 /* AppleSignInButton.swift in Sources */,
				B09951452A5BA8EF009AC534 /* PreferenceManager.swift in Sources */,
				B0E4D6942A5266D000788200 /* ContentView.swift in Sources */,
				B099512A2A591BFD009AC534 /* AppDelegate.swift in Sources */,
				9BA1A2232A5B9123003B7556 /* Extension+View.swift in Sources */,
				9BA1A2252A5B91C0003B7556 /* ProfileDetailView.swift in Sources */,
				B099512D2A592459009AC534 /* FireBaseDataBaseManager.swift in Sources */,
				B0E4D6922A5266D000788200 /* MeDropApp.swift in Sources */,
				B099514F2A5CE2B3009AC534 /* OnBoardViewModel.swift in Sources */,
				B09951422A5BA8AF009AC534 /* Extension+Color.swift in Sources */,
				B09951352A5B98B2009AC534 /* Utility.swift in Sources */,
				B09951392A5B9B4D009AC534 /* Extension+UIScreen.swift in Sources */,
				B09951402A5BA5BF009AC534 /* OnBoardView.swift in Sources */,
				B09951162A57BC7D009AC534 /* CardView.swift in Sources */,
				682C62C52A59A65C00137393 /* CreationMainDummyView.swift in Sources */,
				B099513D2A5BA428009AC534 /* MainView.swift in Sources */,
				B099511A2A57BC92009AC534 /* ProfileViewModel.swift in Sources */,
				B09951482A5CD706009AC534 /* MainViewModel.swift in Sources */,
				682C62C12A59A61000137393 /* CreateInfoView.swift in Sources */,
			);
			runOnlyForDeploymentPostprocessing = 0;
		};
/* End PBXSourcesBuildPhase section */

/* Begin XCBuildConfiguration section */
		B0E4D69A2A5266D100788200 /* Debug */ = {
			isa = XCBuildConfiguration;
			buildSettings = {
				ALWAYS_SEARCH_USER_PATHS = NO;
				CLANG_ANALYZER_NONNULL = YES;
				CLANG_ANALYZER_NUMBER_OBJECT_CONVERSION = YES_AGGRESSIVE;
				CLANG_CXX_LANGUAGE_STANDARD = "gnu++20";
				CLANG_ENABLE_MODULES = YES;
				CLANG_ENABLE_OBJC_ARC = YES;
				CLANG_ENABLE_OBJC_WEAK = YES;
				CLANG_WARN_BLOCK_CAPTURE_AUTORELEASING = YES;
				CLANG_WARN_BOOL_CONVERSION = YES;
				CLANG_WARN_COMMA = YES;
				CLANG_WARN_CONSTANT_CONVERSION = YES;
				CLANG_WARN_DEPRECATED_OBJC_IMPLEMENTATIONS = YES;
				CLANG_WARN_DIRECT_OBJC_ISA_USAGE = YES_ERROR;
				CLANG_WARN_DOCUMENTATION_COMMENTS = YES;
				CLANG_WARN_EMPTY_BODY = YES;
				CLANG_WARN_ENUM_CONVERSION = YES;
				CLANG_WARN_INFINITE_RECURSION = YES;
				CLANG_WARN_INT_CONVERSION = YES;
				CLANG_WARN_NON_LITERAL_NULL_CONVERSION = YES;
				CLANG_WARN_OBJC_IMPLICIT_RETAIN_SELF = YES;
				CLANG_WARN_OBJC_LITERAL_CONVERSION = YES;
				CLANG_WARN_OBJC_ROOT_CLASS = YES_ERROR;
				CLANG_WARN_QUOTED_INCLUDE_IN_FRAMEWORK_HEADER = YES;
				CLANG_WARN_RANGE_LOOP_ANALYSIS = YES;
				CLANG_WARN_STRICT_PROTOTYPES = YES;
				CLANG_WARN_SUSPICIOUS_MOVE = YES;
				CLANG_WARN_UNGUARDED_AVAILABILITY = YES_AGGRESSIVE;
				CLANG_WARN_UNREACHABLE_CODE = YES;
				CLANG_WARN__DUPLICATE_METHOD_MATCH = YES;
				COPY_PHASE_STRIP = NO;
				DEBUG_INFORMATION_FORMAT = dwarf;
				ENABLE_STRICT_OBJC_MSGSEND = YES;
				ENABLE_TESTABILITY = YES;
				GCC_C_LANGUAGE_STANDARD = gnu11;
				GCC_DYNAMIC_NO_PIC = NO;
				GCC_NO_COMMON_BLOCKS = YES;
				GCC_OPTIMIZATION_LEVEL = 0;
				GCC_PREPROCESSOR_DEFINITIONS = (
					"DEBUG=1",
					"$(inherited)",
				);
				GCC_WARN_64_TO_32_BIT_CONVERSION = YES;
				GCC_WARN_ABOUT_RETURN_TYPE = YES_ERROR;
				GCC_WARN_UNDECLARED_SELECTOR = YES;
				GCC_WARN_UNINITIALIZED_AUTOS = YES_AGGRESSIVE;
				GCC_WARN_UNUSED_FUNCTION = YES;
				GCC_WARN_UNUSED_VARIABLE = YES;
				IPHONEOS_DEPLOYMENT_TARGET = 16.2;
				MTL_ENABLE_DEBUG_INFO = INCLUDE_SOURCE;
				MTL_FAST_MATH = YES;
				ONLY_ACTIVE_ARCH = YES;
				SDKROOT = iphoneos;
				SWIFT_ACTIVE_COMPILATION_CONDITIONS = DEBUG;
				SWIFT_OPTIMIZATION_LEVEL = "-Onone";
			};
			name = Debug;
		};
		B0E4D69B2A5266D100788200 /* Release */ = {
			isa = XCBuildConfiguration;
			buildSettings = {
				ALWAYS_SEARCH_USER_PATHS = NO;
				CLANG_ANALYZER_NONNULL = YES;
				CLANG_ANALYZER_NUMBER_OBJECT_CONVERSION = YES_AGGRESSIVE;
				CLANG_CXX_LANGUAGE_STANDARD = "gnu++20";
				CLANG_ENABLE_MODULES = YES;
				CLANG_ENABLE_OBJC_ARC = YES;
				CLANG_ENABLE_OBJC_WEAK = YES;
				CLANG_WARN_BLOCK_CAPTURE_AUTORELEASING = YES;
				CLANG_WARN_BOOL_CONVERSION = YES;
				CLANG_WARN_COMMA = YES;
				CLANG_WARN_CONSTANT_CONVERSION = YES;
				CLANG_WARN_DEPRECATED_OBJC_IMPLEMENTATIONS = YES;
				CLANG_WARN_DIRECT_OBJC_ISA_USAGE = YES_ERROR;
				CLANG_WARN_DOCUMENTATION_COMMENTS = YES;
				CLANG_WARN_EMPTY_BODY = YES;
				CLANG_WARN_ENUM_CONVERSION = YES;
				CLANG_WARN_INFINITE_RECURSION = YES;
				CLANG_WARN_INT_CONVERSION = YES;
				CLANG_WARN_NON_LITERAL_NULL_CONVERSION = YES;
				CLANG_WARN_OBJC_IMPLICIT_RETAIN_SELF = YES;
				CLANG_WARN_OBJC_LITERAL_CONVERSION = YES;
				CLANG_WARN_OBJC_ROOT_CLASS = YES_ERROR;
				CLANG_WARN_QUOTED_INCLUDE_IN_FRAMEWORK_HEADER = YES;
				CLANG_WARN_RANGE_LOOP_ANALYSIS = YES;
				CLANG_WARN_STRICT_PROTOTYPES = YES;
				CLANG_WARN_SUSPICIOUS_MOVE = YES;
				CLANG_WARN_UNGUARDED_AVAILABILITY = YES_AGGRESSIVE;
				CLANG_WARN_UNREACHABLE_CODE = YES;
				CLANG_WARN__DUPLICATE_METHOD_MATCH = YES;
				COPY_PHASE_STRIP = NO;
				DEBUG_INFORMATION_FORMAT = "dwarf-with-dsym";
				ENABLE_NS_ASSERTIONS = NO;
				ENABLE_STRICT_OBJC_MSGSEND = YES;
				GCC_C_LANGUAGE_STANDARD = gnu11;
				GCC_NO_COMMON_BLOCKS = YES;
				GCC_WARN_64_TO_32_BIT_CONVERSION = YES;
				GCC_WARN_ABOUT_RETURN_TYPE = YES_ERROR;
				GCC_WARN_UNDECLARED_SELECTOR = YES;
				GCC_WARN_UNINITIALIZED_AUTOS = YES_AGGRESSIVE;
				GCC_WARN_UNUSED_FUNCTION = YES;
				GCC_WARN_UNUSED_VARIABLE = YES;
				IPHONEOS_DEPLOYMENT_TARGET = 16.2;
				MTL_ENABLE_DEBUG_INFO = NO;
				MTL_FAST_MATH = YES;
				SDKROOT = iphoneos;
				SWIFT_COMPILATION_MODE = wholemodule;
				SWIFT_OPTIMIZATION_LEVEL = "-O";
				VALIDATE_PRODUCT = YES;
			};
			name = Release;
		};
		B0E4D69D2A5266D100788200 /* Debug */ = {
			isa = XCBuildConfiguration;
			buildSettings = {
				ASSETCATALOG_COMPILER_APPICON_NAME = AppIcon;
				ASSETCATALOG_COMPILER_GLOBAL_ACCENT_COLOR_NAME = AccentColor;
				CODE_SIGN_ENTITLEMENTS = MeDrop/MeDrop.entitlements;
				CODE_SIGN_STYLE = Automatic;
				CURRENT_PROJECT_VERSION = 1;
				DEVELOPMENT_ASSET_PATHS = "\"MeDrop/Preview Content\"";
				DEVELOPMENT_TEAM = 28NL63HBTJ;
				ENABLE_PREVIEWS = YES;
				GENERATE_INFOPLIST_FILE = YES;
				INFOPLIST_FILE = MeDrop/Info.plist;
				INFOPLIST_KEY_UIApplicationSceneManifest_Generation = YES;
				INFOPLIST_KEY_UIApplicationSupportsIndirectInputEvents = YES;
				INFOPLIST_KEY_UILaunchScreen_Generation = YES;
				INFOPLIST_KEY_UISupportedInterfaceOrientations_iPad = "UIInterfaceOrientationPortrait UIInterfaceOrientationPortraitUpsideDown UIInterfaceOrientationLandscapeLeft UIInterfaceOrientationLandscapeRight";
				INFOPLIST_KEY_UISupportedInterfaceOrientations_iPhone = "UIInterfaceOrientationPortrait UIInterfaceOrientationLandscapeLeft UIInterfaceOrientationLandscapeRight";
				LD_RUNPATH_SEARCH_PATHS = (
					"$(inherited)",
					"@executable_path/Frameworks",
				);
				MARKETING_VERSION = 1.0;
				PRODUCT_BUNDLE_IDENTIFIER = com.DP.MeDrop;
				PRODUCT_NAME = "$(TARGET_NAME)";
				SUPPORTED_PLATFORMS = "iphoneos iphonesimulator";
				SUPPORTS_MACCATALYST = NO;
				SUPPORTS_MAC_DESIGNED_FOR_IPHONE_IPAD = NO;
				SWIFT_EMIT_LOC_STRINGS = YES;
				SWIFT_VERSION = 5.0;
				TARGETED_DEVICE_FAMILY = 1;
			};
			name = Debug;
		};
		B0E4D69E2A5266D100788200 /* Release */ = {
			isa = XCBuildConfiguration;
			buildSettings = {
				ASSETCATALOG_COMPILER_APPICON_NAME = AppIcon;
				ASSETCATALOG_COMPILER_GLOBAL_ACCENT_COLOR_NAME = AccentColor;
				CODE_SIGN_ENTITLEMENTS = MeDrop/MeDrop.entitlements;
				CODE_SIGN_STYLE = Automatic;
				CURRENT_PROJECT_VERSION = 1;
				DEVELOPMENT_ASSET_PATHS = "\"MeDrop/Preview Content\"";
				DEVELOPMENT_TEAM = 28NL63HBTJ;
				ENABLE_PREVIEWS = YES;
				GENERATE_INFOPLIST_FILE = YES;
				INFOPLIST_FILE = MeDrop/Info.plist;
				INFOPLIST_KEY_UIApplicationSceneManifest_Generation = YES;
				INFOPLIST_KEY_UIApplicationSupportsIndirectInputEvents = YES;
				INFOPLIST_KEY_UILaunchScreen_Generation = YES;
				INFOPLIST_KEY_UISupportedInterfaceOrientations_iPad = "UIInterfaceOrientationPortrait UIInterfaceOrientationPortraitUpsideDown UIInterfaceOrientationLandscapeLeft UIInterfaceOrientationLandscapeRight";
				INFOPLIST_KEY_UISupportedInterfaceOrientations_iPhone = "UIInterfaceOrientationPortrait UIInterfaceOrientationLandscapeLeft UIInterfaceOrientationLandscapeRight";
				LD_RUNPATH_SEARCH_PATHS = (
					"$(inherited)",
					"@executable_path/Frameworks",
				);
				MARKETING_VERSION = 1.0;
				PRODUCT_BUNDLE_IDENTIFIER = com.DP.MeDrop;
				PRODUCT_NAME = "$(TARGET_NAME)";
				SUPPORTED_PLATFORMS = "iphoneos iphonesimulator";
				SUPPORTS_MACCATALYST = NO;
				SUPPORTS_MAC_DESIGNED_FOR_IPHONE_IPAD = NO;
				SWIFT_EMIT_LOC_STRINGS = YES;
				SWIFT_VERSION = 5.0;
				TARGETED_DEVICE_FAMILY = 1;
			};
			name = Release;
		};
/* End XCBuildConfiguration section */

/* Begin XCConfigurationList section */
		B0E4D6892A5266D000788200 /* Build configuration list for PBXProject "MeDrop" */ = {
			isa = XCConfigurationList;
			buildConfigurations = (
				B0E4D69A2A5266D100788200 /* Debug */,
				B0E4D69B2A5266D100788200 /* Release */,
			);
			defaultConfigurationIsVisible = 0;
			defaultConfigurationName = Release;
		};
		B0E4D69C2A5266D100788200 /* Build configuration list for PBXNativeTarget "MeDrop" */ = {
			isa = XCConfigurationList;
			buildConfigurations = (
				B0E4D69D2A5266D100788200 /* Debug */,
				B0E4D69E2A5266D100788200 /* Release */,
			);
			defaultConfigurationIsVisible = 0;
			defaultConfigurationName = Release;
		};
/* End XCConfigurationList section */

/* Begin XCRemoteSwiftPackageReference section */
		B09951242A5914D1009AC534 /* XCRemoteSwiftPackageReference "firebase-ios-sdk" */ = {
			isa = XCRemoteSwiftPackageReference;
			repositoryURL = "https://github.com/firebase/firebase-ios-sdk";
			requirement = {
				kind = upToNextMajorVersion;
				minimumVersion = 9.0.0;
			};
		};
/* End XCRemoteSwiftPackageReference section */

/* Begin XCSwiftPackageProductDependency section */
		B09951252A5914D1009AC534 /* FirebaseAnalytics */ = {
			isa = XCSwiftPackageProductDependency;
			package = B09951242A5914D1009AC534 /* XCRemoteSwiftPackageReference "firebase-ios-sdk" */;
			productName = FirebaseAnalytics;
		};
		B09951272A5914D1009AC534 /* FirebaseDatabase */ = {
			isa = XCSwiftPackageProductDependency;
			package = B09951242A5914D1009AC534 /* XCRemoteSwiftPackageReference "firebase-ios-sdk" */;
			productName = FirebaseDatabase;
		};
/* End XCSwiftPackageProductDependency section */
	};
	rootObject = B0E4D6862A5266D000788200 /* Project object */;
}
